
Microsoft Visual Studio Solution File, Format Version 12.00
# Visual Studio 2013
VisualStudioVersion = 12.0.31101.0
MinimumVisualStudioVersion = 10.0.40219.1
Project("{2150E333-8FDC-42A3-9474-1A3956D46DE8}") = "Base", "Base", "{1BE993B4-52AA-47FD-92B0-1F656B1CBA8E}"
EndProject
Project("{FAE04EC0-301F-11D3-BF4B-00C04F79EFBC}") = "LillTek.Common", "Base\Common\Common\LillTek.Common.csproj", "{171D812A-5258-4E94-91FD-A67DE0203C98}"
EndProject
Project("{FAE04EC0-301F-11D3-BF4B-00C04F79EFBC}") = "LillTek.Win32", "Base\Win32\LillTek.Win32.csproj", "{3A2DD65A-8521-46A3-874F-E8FA5C2BC763}"
EndProject
Project("{2150E333-8FDC-42A3-9474-1A3956D46DE8}") = "Common", "Common", "{AD740C0B-CC84-4B65-9BA9-F94475C84AA5}"
	ProjectSection(SolutionItems) = preProject
		Base\Common\Common\Diagnostics\ConsoleSysLogProvider.cs = Base\Common\Common\Diagnostics\ConsoleSysLogProvider.cs
	EndProjectSection
EndProject
Project("{2150E333-8FDC-42A3-9474-1A3956D46DE8}") = "Const", "Const", "{3A2CADBB-CAE1-424E-86A3-5CDA04372198}"
EndProject
Project("{FAE04EC0-301F-11D3-BF4B-00C04F79EFBC}") = "LillTek.Const", "Base\Const\Const\LillTek.Const.csproj", "{0A4752AD-591D-4557-B8A1-D84BF6A010CE}"
EndProject
Project("{2150E333-8FDC-42A3-9474-1A3956D46DE8}") = "Testing", "Testing", "{4D41059C-0331-4D73-90A5-B2E313E54E12}"
EndProject
Project("{FAE04EC0-301F-11D3-BF4B-00C04F79EFBC}") = "LillTek.LowLevel", "Base\LowLevel\LillTek.LowLevel.csproj", "{A0D0385E-C989-4AFC-976B-71D9D7F9D8E5}"
EndProject
Project("{2150E333-8FDC-42A3-9474-1A3956D46DE8}") = "Test", "Test", "{B876AB04-CCC5-48A3-97FE-F4880E008A94}"
EndProject
Project("{FAE04EC0-301F-11D3-BF4B-00C04F79EFBC}") = "LillTek.Common.Test", "Test\Test.Common\LillTek.Common.Test.csproj", "{15260180-F909-4AC6-A047-31EB60735F0C}"
EndProject
Project("{FAE04EC0-301F-11D3-BF4B-00C04F79EFBC}") = "LillTek.Advanced", "Base\Advanced\LillTek.Advanced.csproj", "{287B533D-814D-4DCA-87EB-FCF2AF711E07}"
EndProject
Project("{FAE04EC0-301F-11D3-BF4B-00C04F79EFBC}") = "LillTek.Advanced.Test", "Test\Test.Advanced\LillTek.Advanced.Test.csproj", "{82B4F9CA-E721-4E66-AE73-CE0EB27EDBEC}"
EndProject
Project("{FAE04EC0-301F-11D3-BF4B-00C04F79EFBC}") = "LillTek.Azure", "Base\Azure\LillTek.Azure.csproj", "{3464842F-9131-4824-9CF2-E3A0075AC95C}"
EndProject
Project("{FAE04EC0-301F-11D3-BF4B-00C04F79EFBC}") = "LillTek.Install", "Base\Install\LillTek.Install.csproj", "{6FA1B142-AFDD-40D8-B559-D3ED98ABD6F7}"
EndProject
Project("{2150E333-8FDC-42A3-9474-1A3956D46DE8}") = "Cryptography", "Cryptography", "{E8C586F8-D650-49B9-A639-C3894399EC8E}"
EndProject
Project("{FAE04EC0-301F-11D3-BF4B-00C04F79EFBC}") = "LillTek.Cryptography", "Base\Cryptography\Cryptography\LillTek.Cryptography.csproj", "{845744E0-268E-482B-ADCD-1C334E1F2D37}"
EndProject
Project("{FAE04EC0-301F-11D3-BF4B-00C04F79EFBC}") = "LillTek.Cryptography.Test", "Test\Test.Cryptography\LillTek.Cryptography.Test.csproj", "{AB44D1FD-4A3F-4FC0-842F-0913A08423B8}"
EndProject
Project("{FAE04EC0-301F-11D3-BF4B-00C04F79EFBC}") = "LillTek.Install.Test", "Test\Test.Install\LillTek.Install.Test.csproj", "{E5C09226-5D9F-41E8-927A-D53D3015DAEC}"
EndProject
Project("{2150E333-8FDC-42A3-9474-1A3956D46DE8}") = "Json", "Json", "{3744E9B6-27AC-47DE-BA7E-06FC102A0DAB}"
EndProject
Project("{FAE04EC0-301F-11D3-BF4B-00C04F79EFBC}") = "LillTek.Json", "Base\Json\Json\LillTek.Json.csproj", "{35F1A233-FF30-410C-BB74-92E8A0F49266}"
EndProject
Project("{FAE04EC0-301F-11D3-BF4B-00C04F79EFBC}") = "LillTek.Json.Test", "Test\Test.Json\LillTek.Json.Test.csproj", "{BF8D7BC1-EC01-4665-ADDC-1CE6F0036011}"
EndProject
Project("{FAE04EC0-301F-11D3-BF4B-00C04F79EFBC}") = "LillTek.Service", "Base\Service\LillTek.Service.csproj", "{5B73A206-279B-4EA6-B9B4-A04FA7B85CCD}"
EndProject
Project("{2150E333-8FDC-42A3-9474-1A3956D46DE8}") = "Client", "Client", "{781769A2-4512-43E8-988D-4182FD942089}"
EndProject
Project("{FAE04EC0-301F-11D3-BF4B-00C04F79EFBC}") = "LillTek.Client", "Base\Client\Client\LillTek.Client.csproj", "{BE1C9A6B-881F-44C1-8088-6A03A788A709}"
EndProject
Project("{FAE04EC0-301F-11D3-BF4B-00C04F79EFBC}") = "LillTek.Service.Test", "Test\Test.Service\LillTek.Service.Test.csproj", "{638F7371-9DA4-4C33-A640-B5AC94363985}"
EndProject
Project("{2150E333-8FDC-42A3-9474-1A3956D46DE8}") = "Compression", "Compression", "{EA228CE1-0CF8-438D-A03B-483A3DFC3162}"
EndProject
Project("{FAE04EC0-301F-11D3-BF4B-00C04F79EFBC}") = "LillTek.Compression.Zip", "Base\Compression\Zip\LillTek.Compression.Zip.csproj", "{3FB5BCDE-5E77-4C19-B47E-9E01A1F24D22}"
EndProject
Project("{2150E333-8FDC-42A3-9474-1A3956D46DE8}") = "Data", "Data", "{5E5CF185-4AC7-4A30-AAA5-5BC13F70410B}"
EndProject
Project("{FAE04EC0-301F-11D3-BF4B-00C04F79EFBC}") = "LillTek.Data", "Base\Data\Data\LillTek.Data.csproj", "{9339EB11-8C21-41E5-B744-05B445F81DFF}"
EndProject
Project("{FAE04EC0-301F-11D3-BF4B-00C04F79EFBC}") = "LillTek.Data.Install", "Base\Data\Install\LillTek.Data.Install.csproj", "{817211ED-6771-4C27-A093-3FB21AA493C6}"
EndProject
Project("{FAE04EC0-301F-11D3-BF4B-00C04F79EFBC}") = "LillTek.Data.Test", "Test\Test.Data\LillTek.Data.Test.csproj", "{BA0531CB-7F0B-4A5D-919D-CA2630F53EDF}"
EndProject
Project("{FAE04EC0-301F-11D3-BF4B-00C04F79EFBC}") = "LillTek.Xml", "Base\Xml\LillTek.Xml.csproj", "{A27425E2-CF04-4165-BEBC-4CEBEF30364A}"
EndProject
Project("{FAE04EC0-301F-11D3-BF4B-00C04F79EFBC}") = "LillTek.Web", "Base\Web\LillTek.Web.csproj", "{215CA528-5A93-4D06-9E15-7EBCB70E1233}"
EndProject
Project("{FAE04EC0-301F-11D3-BF4B-00C04F79EFBC}") = "LillTek.Web.Test", "Test\Test.Web\LillTek.Web.Test.csproj", "{D0FAF9DE-9721-467D-997B-594850505837}"
EndProject
Project("{2150E333-8FDC-42A3-9474-1A3956D46DE8}") = "Net", "Net", "{F9B8250A-DE97-4C3E-87F4-04BF8DC77420}"
EndProject
Project("{FAE04EC0-301F-11D3-BF4B-00C04F79EFBC}") = "LillTek.Net.Sockets", "Base\Net\Sockets\LillTek.Net.Sockets.csproj", "{10503A0B-576C-4D6A-A7B7-326D4BC2E0DD}"
EndProject
Project("{FAE04EC0-301F-11D3-BF4B-00C04F79EFBC}") = "LillTek.Net.Test", "Test\Test.Net\LillTek.Net.Test.csproj", "{B4570198-387E-4EB2-B64A-CD8DB089FD92}"
EndProject
Project("{FAE04EC0-301F-11D3-BF4B-00C04F79EFBC}") = "LillTek.Net.Mail", "Base\Net\Mail\LillTek.Net.Mail.csproj", "{EF0A57C7-0EF0-40CB-97E9-BD5D72F83FBF}"
EndProject
Project("{FAE04EC0-301F-11D3-BF4B-00C04F79EFBC}") = "LillTek.Net.Broadcast", "Base\Net\Broadcast\LillTek.Net.Broadcast.csproj", "{19E8E5A5-D161-4179-A1B2-6FD2CF8B1100}"
EndProject
Project("{FAE04EC0-301F-11D3-BF4B-00C04F79EFBC}") = "LillTek.Net.Radius", "Base\Net\Radius\LillTek.Net.Radius.csproj", "{4002E59B-4594-45FA-960C-42A6EE147571}"
EndProject
Project("{2150E333-8FDC-42A3-9474-1A3956D46DE8}") = "License", "License", "{1039B539-1489-4E64-AC1D-9B3831F0BE31}"
	ProjectSection(SolutionItems) = preProject
		License.txt = License.txt
	EndProjectSection
EndProject
Project("{2150E333-8FDC-42A3-9474-1A3956D46DE8}") = "Tools", "Tools", "{7990F555-2BA0-4C87-81C2-719F2CD1744B}"
EndProject
Project("{FAE04EC0-301F-11D3-BF4B-00C04F79EFBC}") = "PathTool", "Tools\PathTool\PathTool.csproj", "{A50AD19A-60AD-455E-8FA0-0982FDE839E7}"
EndProject
Project("{FAE04EC0-301F-11D3-BF4B-00C04F79EFBC}") = "DBPackage", "Tools\DBPackage\DBPackage.csproj", "{59CB73D5-2E9C-4B2E-ACAC-FE6B88B1DD8D}"
EndProject
Project("{FAE04EC0-301F-11D3-BF4B-00C04F79EFBC}") = "InstallHelper", "Tools\InstallHelper\InstallHelper.csproj", "{84040D41-18E8-4AD2-A654-703EA9DE02CB}"
EndProject
Project("{FAE04EC0-301F-11D3-BF4B-00C04F79EFBC}") = "Timestamp", "Tools\Timestamp\Timestamp.csproj", "{C0010F97-6184-46F4-855D-1DC917272C42}"
EndProject
Project("{FAE04EC0-301F-11D3-BF4B-00C04F79EFBC}") = "NetTrace", "Tools\NetTrace\NetTrace.csproj", "{2BFB430B-6951-41BD-BE18-9B814EED0EF0}"
EndProject
Project("{FAE04EC0-301F-11D3-BF4B-00C04F79EFBC}") = "TSQLPP", "Tools\TSQLPP\TSQLPP.csproj", "{BCDA2A30-205A-4A62-A95C-6D6075328B8E}"
EndProject
Project("{FAE04EC0-301F-11D3-BF4B-00C04F79EFBC}") = "VSTasks", "Tools\VSTasks\VSTasks.csproj", "{7B367D8F-9717-4729-B510-BFB4DAA9C9C7}"
EndProject
Project("{FAE04EC0-301F-11D3-BF4B-00C04F79EFBC}") = "Wipe", "Tools\Wipe\Wipe.csproj", "{D2E68DA8-50AE-4599-AA7B-FAFE2D08D336}"
EndProject
Project("{2150E333-8FDC-42A3-9474-1A3956D46DE8}") = "Messaging", "Messaging", "{B6169349-B5D2-4320-B94F-757B0617081A}"
EndProject
Project("{FAE04EC0-301F-11D3-BF4B-00C04F79EFBC}") = "LillTek.Messaging", "Base\Messaging\Messaging\LillTek.Messaging.csproj", "{06264F71-36F3-42E0-80AF-857ED7B2CB86}"
EndProject
Project("{FAE04EC0-301F-11D3-BF4B-00C04F79EFBC}") = "LillTek.Messaging.Test", "Test\Test.Messaging\LillTek.Messaging.Test.csproj", "{8357122C-90A2-4CAA-98AF-B09E1621D9CC}"
EndProject
Project("{FAE04EC0-301F-11D3-BF4B-00C04F79EFBC}") = "LillTek.Testing", "Base\Testing\Testing\LillTek.Testing.csproj", "{EC64BBAE-AF97-44F8-8C52-EAE63DC72F16}"
EndProject
Project("{FAE04EC0-301F-11D3-BF4B-00C04F79EFBC}") = "LillTek.ServiceModel", "Base\Messaging\ServiceModel\LillTek.ServiceModel.csproj", "{48CCE81D-FB9F-4857-9F96-542E297ABB77}"
EndProject
Project("{FAE04EC0-301F-11D3-BF4B-00C04F79EFBC}") = "LillTek.ServiceModel.Test", "Test\Test.ServiceModel\LillTek.ServiceModel.Test.csproj", "{B8924D7E-BBC6-49A8-A45F-5653BCC9CB79}"
EndProject
Project("{FAE04EC0-301F-11D3-BF4B-00C04F79EFBC}") = "LillTek.Net.Http", "Base\Net\Http\LillTek.Net.Http.csproj", "{C6259B2E-5D78-4EBF-9E18-83468A82EDA9}"
EndProject
Project("{FAE04EC0-301F-11D3-BF4B-00C04F79EFBC}") = "LillTek.Net.Wcf", "Base\Net\Wcf\LillTek.Net.Wcf.csproj", "{D75774E0-344D-4EBC-9408-7C0210A63D7D}"
EndProject
Project("{2150E333-8FDC-42A3-9474-1A3956D46DE8}") = "Datacenter", "Datacenter", "{CBE87813-0037-47FE-B283-2BF8CBADE832}"
EndProject
Project("{2150E333-8FDC-42A3-9474-1A3956D46DE8}") = "Apps", "Apps", "{19B0F4CD-A4D1-42A0-B7D8-222E2A5A5702}"
EndProject
Project("{FAE04EC0-301F-11D3-BF4B-00C04F79EFBC}") = "LillTek.Datacenter", "Datacenter\Datacenter\LillTek.Datacenter.csproj", "{0DD2754A-D7B2-4CFE-8B72-CE3C819ACE27}"
EndProject
Project("{FAE04EC0-301F-11D3-BF4B-00C04F79EFBC}") = "LillTek.Datacenter.Server", "Datacenter\Server\LillTek.Datacenter.Server.csproj", "{793F27FC-B5F6-461D-B4C2-7D86539B3558}"
EndProject
Project("{FAE04EC0-301F-11D3-BF4B-00C04F79EFBC}") = "LillTek.Datacenter.Test", "Test\Test.Datacenter\LillTek.Datacenter.Test.csproj", "{613344F2-B078-490D-9904-6CBEB8653B0F}"
EndProject
Project("{FAE04EC0-301F-11D3-BF4B-00C04F79EFBC}") = "Vegomatic", "Tools\Vegomatic\Vegomatic.csproj", "{4950D33D-9C59-440D-A653-B05F169F59A5}"
EndProject
Project("{FAE04EC0-301F-11D3-BF4B-00C04F79EFBC}") = "LillTek.Datacenter.AppStore", "Datacenter\Apps\AppStore\LillTek.Datacenter.AppStore.csproj", "{82814192-C44B-49A6-9749-A212D02669B5}"
EndProject
Project("{FAE04EC0-301F-11D3-BF4B-00C04F79EFBC}") = "LillTek.Datacenter.AuthService", "Datacenter\Apps\AuthService\LillTek.Datacenter.AuthService.csproj", "{9C2142B0-81F6-4D48-86F2-68B4A90857BC}"
EndProject
Project("{FAE04EC0-301F-11D3-BF4B-00C04F79EFBC}") = "LillTek.Datacenter.BroadcastServer", "Datacenter\Apps\BroadcastServer\LillTek.Datacenter.BroadcastServer.csproj", "{A7642E5E-E924-4E8F-965C-887B07627016}"
EndProject
Project("{FAE04EC0-301F-11D3-BF4B-00C04F79EFBC}") = "LillTek.Datacenter.ConfigService", "Datacenter\Apps\ConfigService\LillTek.Datacenter.ConfigService.csproj", "{90016ED8-39B5-4B6B-BB58-F210CA433B65}"
EndProject
Project("{FAE04EC0-301F-11D3-BF4B-00C04F79EFBC}") = "LillTek.Datacenter.DynDnsClientService", "Datacenter\Apps\DynDnsClientService\LillTek.Datacenter.DynDnsClientService.csproj", "{3ED9B836-061B-45D0-AFFC-0331B22C23E6}"
EndProject
Project("{FAE04EC0-301F-11D3-BF4B-00C04F79EFBC}") = "LillTek.Datacenter.DynDnsService", "Datacenter\Apps\DynDnsService\LillTek.Datacenter.DynDnsService.csproj", "{99FD9D9B-A131-47E4-8B22-5243385F4DF1}"
EndProject
Project("{FAE04EC0-301F-11D3-BF4B-00C04F79EFBC}") = "LillTek.Datacenter.HeartbeatService", "Datacenter\Apps\HeartbeatService\LillTek.Datacenter.HeartbeatService.csproj", "{2861BDB1-2DD0-49C5-A010-758F6DECFD81}"
EndProject
Project("{FAE04EC0-301F-11D3-BF4B-00C04F79EFBC}") = "LillTek.Datacenter.MessageQueue", "Datacenter\Apps\MessageQueue\LillTek.Datacenter.MessageQueue.csproj", "{D76372DD-5C14-4659-AC31-814BAEF8C3F4}"
EndProject
Project("{FAE04EC0-301F-11D3-BF4B-00C04F79EFBC}") = "LillTek.Datacenter.RouterService", "Datacenter\Apps\RouterService\LillTek.Datacenter.RouterService.csproj", "{D2DD9BF1-ED69-49D2-A761-2CC3274865EF}"
EndProject
Project("{2150E333-8FDC-42A3-9474-1A3956D46DE8}") = "Apps", "Apps", "{FECC63E1-9C75-48A3-9040-BBF7FA482AAD}"
EndProject
Project("{FAE04EC0-301F-11D3-BF4B-00C04F79EFBC}") = "MessagingTest", "Test\Apps\Messaging\MessagingTest.csproj", "{102F729C-487A-4EFC-BA1C-82E86A72B698}"
EndProject
Project("{FAE04EC0-301F-11D3-BF4B-00C04F79EFBC}") = "WebTest", "Test\Apps\Web\WebTest.csproj", "{883BC56B-2A25-4E24-8B47-3936816F38AD}"
EndProject
Project("{2150E333-8FDC-42A3-9474-1A3956D46DE8}") = "GeoTracker", "GeoTracker", "{FC053289-B30F-4979-8CF7-34FD47ED6449}"
EndProject
Project("{FAE04EC0-301F-11D3-BF4B-00C04F79EFBC}") = "LillTek.GeoTracker", "GeoTracker\Client\LillTek.GeoTracker.csproj", "{C3F40EC5-1B14-4B62-A3B4-99FA5804B3A8}"
EndProject
Project("{FAE04EC0-301F-11D3-BF4B-00C04F79EFBC}") = "LillTek.GeoTracker.Server", "GeoTracker\Server\LillTek.GeoTracker.Server.csproj", "{C1FFDBC9-51C4-4C65-81B1-D1F3F5E8998B}"
EndProject
Project("{FAE04EC0-301F-11D3-BF4B-00C04F79EFBC}") = "LillTek.GeoTracker.Service", "GeoTracker\Service\LillTek.GeoTracker.Service.csproj", "{9DD92AEE-606E-4C3C-B9BF-B2A433B3288B}"
EndProject
Project("{FAE04EC0-301F-11D3-BF4B-00C04F79EFBC}") = "LillTek.GeoTracker.Test", "Test\Test.GeoTracker\LillTek.GeoTracker.Test.csproj", "{AA936BA2-26E7-4A2D-97F8-507FE99D51B1}"
EndProject
Project("{2150E333-8FDC-42A3-9474-1A3956D46DE8}") = "Telephony", "Telephony", "{562BAA01-F3DC-4938-B82E-54AAD7793461}"
EndProject
Project("{FAE04EC0-301F-11D3-BF4B-00C04F79EFBC}") = "LillTek.Telephony.Sip", "Telephony\Sip\LillTek.Telephony.Sip.csproj", "{5A189F47-67CB-4E79-85C6-5530782128BD}"
EndProject
Project("{FAE04EC0-301F-11D3-BF4B-00C04F79EFBC}") = "LillTek.Telephony.Test", "Test\Test.Telephony\LillTek.Telephony.Test.csproj", "{1B3BD14A-7F9D-405A-B7E5-8BF56964C7A3}"
EndProject
Project("{2150E333-8FDC-42A3-9474-1A3956D46DE8}") = "Build Config", "Build Config", "{9AD4A53F-0526-457B-94D9-A0BA0CA18619}"
	ProjectSection(SolutionItems) = preProject
		..\buildvars.cmd = ..\buildvars.cmd
		..\iis-sites.cmd = ..\iis-sites.cmd
		..\LillTek Build.docx = ..\LillTek Build.docx
	EndProjectSection
EndProject
Project("{FAE04EC0-301F-11D3-BF4B-00C04F79EFBC}") = "LillTek.Telephony", "Telephony\Telephony\LillTek.Telephony.csproj", "{01CB31AF-D833-4CD4-8053-8BC05FF0BE69}"
EndProject
Project("{FAE04EC0-301F-11D3-BF4B-00C04F79EFBC}") = "LillTek.Telephony.NeonSwitch", "Telephony\NeonSwitch\LillTek.Telephony.NeonSwitch.csproj", "{8D554758-7340-4024-B072-F14304382ECC}"
EndProject
Project("{FAE04EC0-301F-11D3-BF4B-00C04F79EFBC}") = "LillTek.Telephony.NeonAppLoader", "Telephony\NeonAppLoader\LillTek.Telephony.NeonAppLoader.csproj", "{E56E3F54-4D76-4BA2-BD62-AB5F8BBBA95F}"
EndProject
Project("{FAE04EC0-301F-11D3-BF4B-00C04F79EFBC}") = "LillTek.Telephony.NeonSwitchCore", "Telephony\NeonSwitchCore\LillTek.Telephony.NeonSwitchCore.csproj", "{2DB595AF-9BA8-4832-B75A-AF81C441535E}"
EndProject
Project("{FAE04EC0-301F-11D3-BF4B-00C04F79EFBC}") = "LillTek.LowLevel.Test", "Test\Test.LowLevel\LillTek.LowLevel.Test.csproj", "{56447E6C-23BA-44A5-A2CE-94B9B60A3C4F}"
EndProject
Project("{FAE04EC0-301F-11D3-BF4B-00C04F79EFBC}") = "LillTek.Owin", "Base\Owin\LillTek.Owin.csproj", "{F13F7052-9527-4F60-8857-2FDA3E012F38}"
EndProject
Global
	GlobalSection(TeamFoundationVersionControl) = preSolution
		SccNumberOfProjects = 72
		SccEnterpriseProvider = {4CA58AB2-18FA-4F8D-95D4-32DDF27D184C}
		SccTeamFoundationServer = https://lilltek.visualstudio.com/defaultcollection
		SccLocalPath0 = .
		SccProjectUniqueName1 = Base\\Common\\Common\\LillTek.Common.csproj
		SccProjectTopLevelParentUniqueName1 = Platform.sln
		SccProjectName1 = Base/Common/Common
		SccLocalPath1 = Base\\Common\\Common
		SccProjectUniqueName2 = Base\\Const\\Const\\LillTek.Const.csproj
		SccProjectTopLevelParentUniqueName2 = Platform.sln
		SccProjectName2 = Base/Const/Const
		SccLocalPath2 = Base\\Const\\Const
		SccProjectUniqueName3 = Base\\Win32\\LillTek.Win32.csproj
		SccProjectTopLevelParentUniqueName3 = Platform.sln
		SccProjectName3 = Base/Win32
		SccLocalPath3 = Base\\Win32
		SccProjectUniqueName4 = Base\\LowLevel\\LillTek.LowLevel.csproj
		SccProjectTopLevelParentUniqueName4 = Platform.sln
		SccProjectName4 = Base/LowLevel
		SccLocalPath4 = Base\\LowLevel
		SccProjectUniqueName5 = Test\\Test.Common\\LillTek.Common.Test.csproj
		SccProjectTopLevelParentUniqueName5 = Platform.sln
		SccProjectName5 = Test/Test.Common
		SccLocalPath5 = Test\\Test.Common
		SccProjectUniqueName6 = Base\\Advanced\\LillTek.Advanced.csproj
		SccProjectTopLevelParentUniqueName6 = Platform.sln
		SccProjectName6 = Base/Advanced
		SccLocalPath6 = Base\\Advanced
		SccProjectUniqueName7 = Test\\Test.Advanced\\LillTek.Advanced.Test.csproj
		SccProjectTopLevelParentUniqueName7 = Platform.sln
		SccProjectName7 = Test/Test.Advanced
		SccLocalPath7 = Test\\Test.Advanced
		SccProjectUniqueName8 = Base\\Azure\\LillTek.Azure.csproj
		SccProjectTopLevelParentUniqueName8 = Platform.sln
		SccProjectName8 = Base/Azure
		SccLocalPath8 = Base\\Azure
		SccProjectUniqueName9 = Base\\Install\\LillTek.Install.csproj
		SccProjectTopLevelParentUniqueName9 = Platform.sln
		SccProjectName9 = Base/Install
		SccLocalPath9 = Base\\Install
		SccProjectUniqueName10 = Base\\Cryptography\\Cryptography\\LillTek.Cryptography.csproj
		SccProjectTopLevelParentUniqueName10 = Platform.sln
		SccProjectName10 = Base/Cryptography/Cryptography
		SccLocalPath10 = Base\\Cryptography\\Cryptography
		SccProjectUniqueName11 = Test\\Test.Cryptography\\LillTek.Cryptography.Test.csproj
		SccProjectTopLevelParentUniqueName11 = Platform.sln
		SccProjectName11 = Test/Test.Cryptography
		SccLocalPath11 = Test\\Test.Cryptography
		SccProjectUniqueName12 = Test\\Test.Install\\LillTek.Install.Test.csproj
		SccProjectTopLevelParentUniqueName12 = Platform.sln
		SccProjectName12 = Test/Test.Install
		SccLocalPath12 = Test\\Test.Install
		SccProjectUniqueName13 = Base\\Json\\Json\\LillTek.Json.csproj
		SccProjectTopLevelParentUniqueName13 = Platform.sln
		SccProjectName13 = Base/Json/Json
		SccLocalPath13 = Base\\Json\\Json
		SccProjectUniqueName14 = Test\\Test.Json\\LillTek.Json.Test.csproj
		SccProjectTopLevelParentUniqueName14 = Platform.sln
		SccProjectName14 = Test/Test.Json
		SccLocalPath14 = Test\\Test.Json
		SccProjectUniqueName15 = Base\\Service\\LillTek.Service.csproj
		SccProjectTopLevelParentUniqueName15 = Platform.sln
		SccProjectName15 = Base/Service
		SccLocalPath15 = Base\\Service
		SccProjectUniqueName16 = Base\\Client\\Client\\LillTek.Client.csproj
		SccProjectTopLevelParentUniqueName16 = Platform.sln
		SccProjectName16 = Base/Client/Client
		SccLocalPath16 = Base\\Client\\Client
		SccProjectUniqueName17 = Test\\Test.Service\\LillTek.Service.Test.csproj
		SccProjectTopLevelParentUniqueName17 = Platform.sln
		SccProjectName17 = Test/Test.Service
		SccLocalPath17 = Test\\Test.Service
		SccProjectUniqueName18 = Base\\Compression\\Zip\\LillTek.Compression.Zip.csproj
		SccProjectTopLevelParentUniqueName18 = Platform.sln
		SccProjectName18 = Base/Compression/Zip
		SccLocalPath18 = Base\\Compression\\Zip
		SccProjectUniqueName19 = Base\\Data\\Data\\LillTek.Data.csproj
		SccProjectTopLevelParentUniqueName19 = Platform.sln
		SccProjectName19 = Base/Data/Data
		SccLocalPath19 = Base\\Data\\Data
		SccProjectUniqueName20 = Test\\Test.Data\\LillTek.Data.Test.csproj
		SccProjectTopLevelParentUniqueName20 = Platform.sln
		SccProjectName20 = Test/Test.Data
		SccLocalPath20 = Test\\Test.Data
		SccProjectUniqueName21 = Base\\Xml\\LillTek.Xml.csproj
		SccProjectTopLevelParentUniqueName21 = Platform.sln
		SccProjectName21 = Base/Xml
		SccLocalPath21 = Base\\Xml
		SccProjectUniqueName22 = Base\\Web\\LillTek.Web.csproj
		SccProjectTopLevelParentUniqueName22 = Platform.sln
		SccProjectName22 = Base/Web
		SccLocalPath22 = Base\\Web
		SccProjectUniqueName23 = Test\\Test.Web\\LillTek.Web.Test.csproj
		SccProjectTopLevelParentUniqueName23 = Platform.sln
		SccProjectName23 = Test/Test.Web
		SccLocalPath23 = Test\\Test.Web
		SccProjectUniqueName24 = Test\\Test.Net\\LillTek.Net.Test.csproj
		SccProjectTopLevelParentUniqueName24 = Platform.sln
		SccProjectName24 = Test/Test.Net
		SccLocalPath24 = Test\\Test.Net
		SccProjectUniqueName25 = Base\\Net\\Sockets\\LillTek.Net.Sockets.csproj
		SccProjectTopLevelParentUniqueName25 = Platform.sln
		SccProjectName25 = Base/Net/Sockets
		SccLocalPath25 = Base\\Net\\Sockets
		SccProjectUniqueName26 = Base\\Net\\Mail\\LillTek.Net.Mail.csproj
		SccProjectTopLevelParentUniqueName26 = Platform.sln
		SccProjectName26 = Base/Net/Mail
		SccLocalPath26 = Base\\Net\\Mail
		SccProjectUniqueName27 = Base\\Net\\Broadcast\\LillTek.Net.Broadcast.csproj
		SccProjectTopLevelParentUniqueName27 = Platform.sln
		SccProjectName27 = Base/Net/Broadcast
		SccLocalPath27 = Base\\Net\\Broadcast
		SccProjectUniqueName28 = Base\\Net\\Radius\\LillTek.Net.Radius.csproj
		SccProjectTopLevelParentUniqueName28 = Platform.sln
		SccProjectName28 = Base/Net/Radius
		SccLocalPath28 = Base\\Net\\Radius
		SccProjectUniqueName29 = Tools\\PathTool\\PathTool.csproj
		SccProjectTopLevelParentUniqueName29 = Platform.sln
		SccProjectName29 = Tools/PathTool
		SccLocalPath29 = Tools\\PathTool
		SccProjectUniqueName30 = Tools\\DBPackage\\DBPackage.csproj
		SccProjectTopLevelParentUniqueName30 = Platform.sln
		SccProjectName30 = Tools/DBPackage
		SccLocalPath30 = Tools\\DBPackage
		SccProjectUniqueName31 = Tools\\InstallHelper\\InstallHelper.csproj
		SccProjectTopLevelParentUniqueName31 = Platform.sln
		SccProjectName31 = Tools/InstallHelper
		SccLocalPath31 = Tools\\InstallHelper
		SccProjectUniqueName32 = Tools\\Timestamp\\Timestamp.csproj
		SccProjectTopLevelParentUniqueName32 = Platform.sln
		SccProjectName32 = Tools/Timestamp
		SccLocalPath32 = Tools\\Timestamp
		SccProjectUniqueName33 = Tools\\NetTrace\\NetTrace.csproj
		SccProjectTopLevelParentUniqueName33 = Platform.sln
		SccProjectName33 = Tools/NetTrace
		SccLocalPath33 = Tools\\NetTrace
		SccProjectUniqueName34 = Tools\\TSQLPP\\TSQLPP.csproj
		SccProjectTopLevelParentUniqueName34 = Platform.sln
		SccProjectName34 = Tools/TSQLPP
		SccLocalPath34 = Tools\\TSQLPP
		SccProjectUniqueName35 = Tools\\VSTasks\\VSTasks.csproj
		SccProjectTopLevelParentUniqueName35 = Platform.sln
		SccProjectName35 = Tools/VSTasks
		SccLocalPath35 = Tools\\VSTasks
		SccProjectUniqueName36 = Tools\\Wipe\\Wipe.csproj
		SccProjectTopLevelParentUniqueName36 = Platform.sln
		SccProjectName36 = Tools/Wipe
		SccLocalPath36 = Tools\\Wipe
		SccProjectUniqueName37 = Base\\Messaging\\Messaging\\LillTek.Messaging.csproj
		SccProjectTopLevelParentUniqueName37 = Platform.sln
		SccProjectName37 = Base/Messaging/Messaging
		SccLocalPath37 = Base\\Messaging\\Messaging
		SccProjectUniqueName38 = Test\\Test.Messaging\\LillTek.Messaging.Test.csproj
		SccProjectTopLevelParentUniqueName38 = Platform.sln
		SccProjectName38 = Test/Test.Messaging
		SccLocalPath38 = Test\\Test.Messaging
		SccProjectUniqueName39 = Base\\Testing\\Testing\\LillTek.Testing.csproj
		SccProjectTopLevelParentUniqueName39 = Platform.sln
		SccProjectName39 = Base/Testing/Testing
		SccLocalPath39 = Base\\Testing\\Testing
		SccProjectUniqueName40 = Base\\Messaging\\ServiceModel\\LillTek.ServiceModel.csproj
		SccProjectTopLevelParentUniqueName40 = Platform.sln
		SccProjectName40 = Base/Messaging/ServiceModel
		SccLocalPath40 = Base\\Messaging\\ServiceModel
		SccProjectUniqueName41 = Test\\Test.ServiceModel\\LillTek.ServiceModel.Test.csproj
		SccProjectTopLevelParentUniqueName41 = Platform.sln
		SccProjectName41 = Test/Test.ServiceModel
		SccLocalPath41 = Test\\Test.ServiceModel
		SccProjectUniqueName42 = Base\\Net\\Http\\LillTek.Net.Http.csproj
		SccProjectTopLevelParentUniqueName42 = Platform.sln
		SccProjectName42 = Base/Net/Http
		SccLocalPath42 = Base\\Net\\Http
		SccProjectUniqueName43 = Base\\Net\\Wcf\\LillTek.Net.Wcf.csproj
		SccProjectTopLevelParentUniqueName43 = Platform.sln
		SccProjectName43 = Base/Net/Wcf
		SccLocalPath43 = Base\\Net\\Wcf
		SccProjectUniqueName44 = Datacenter\\Datacenter\\LillTek.Datacenter.csproj
		SccProjectTopLevelParentUniqueName44 = Platform.sln
		SccProjectName44 = Datacenter/Datacenter
		SccLocalPath44 = Datacenter\\Datacenter
		SccProjectUniqueName45 = Datacenter\\Server\\LillTek.Datacenter.Server.csproj
		SccProjectTopLevelParentUniqueName45 = Platform.sln
		SccProjectName45 = Datacenter/Server
		SccLocalPath45 = Datacenter\\Server
		SccProjectUniqueName46 = Test\\Test.Datacenter\\LillTek.Datacenter.Test.csproj
		SccProjectTopLevelParentUniqueName46 = Platform.sln
		SccProjectName46 = Test/Test.Datacenter
		SccLocalPath46 = Test\\Test.Datacenter
		SccProjectUniqueName47 = Tools\\Vegomatic\\Vegomatic.csproj
		SccProjectTopLevelParentUniqueName47 = Platform.sln
		SccProjectName47 = Tools/Vegomatic
		SccLocalPath47 = Tools\\Vegomatic
		SccProjectUniqueName48 = Datacenter\\Apps\\AppStore\\LillTek.Datacenter.AppStore.csproj
		SccProjectTopLevelParentUniqueName48 = Platform.sln
		SccProjectName48 = Datacenter/Apps/AppStore
		SccLocalPath48 = Datacenter\\Apps\\AppStore
		SccProjectUniqueName49 = Datacenter\\Apps\\AuthService\\LillTek.Datacenter.AuthService.csproj
		SccProjectTopLevelParentUniqueName49 = Platform.sln
		SccProjectName49 = Datacenter/Apps/AuthService
		SccLocalPath49 = Datacenter\\Apps\\AuthService
		SccProjectUniqueName50 = Datacenter\\Apps\\BroadcastServer\\LillTek.Datacenter.BroadcastServer.csproj
		SccProjectTopLevelParentUniqueName50 = Platform.sln
		SccProjectName50 = Datacenter/Apps/BroadcastServer
		SccLocalPath50 = Datacenter\\Apps\\BroadcastServer
		SccProjectUniqueName51 = Datacenter\\Apps\\ConfigService\\LillTek.Datacenter.ConfigService.csproj
		SccProjectTopLevelParentUniqueName51 = Platform.sln
		SccProjectName51 = Datacenter/Apps/ConfigService
		SccLocalPath51 = Datacenter\\Apps\\ConfigService
		SccProjectUniqueName52 = Datacenter\\Apps\\DynDnsClientService\\LillTek.Datacenter.DynDnsClientService.csproj
		SccProjectTopLevelParentUniqueName52 = Platform.sln
		SccProjectName52 = Datacenter/Apps/DynDnsClientService
		SccLocalPath52 = Datacenter\\Apps\\DynDnsClientService
		SccProjectUniqueName53 = Datacenter\\Apps\\DynDnsService\\LillTek.Datacenter.DynDnsService.csproj
		SccProjectTopLevelParentUniqueName53 = Platform.sln
		SccProjectName53 = Datacenter/Apps/DynDnsService
		SccLocalPath53 = Datacenter\\Apps\\DynDnsService
		SccProjectUniqueName54 = Datacenter\\Apps\\HeartbeatService\\LillTek.Datacenter.HeartbeatService.csproj
		SccProjectTopLevelParentUniqueName54 = Platform.sln
		SccProjectName54 = Datacenter/Apps/HeartbeatService
		SccLocalPath54 = Datacenter\\Apps\\HeartbeatService
		SccProjectUniqueName55 = Datacenter\\Apps\\MessageQueue\\LillTek.Datacenter.MessageQueue.csproj
		SccProjectTopLevelParentUniqueName55 = Platform.sln
		SccProjectName55 = Datacenter/Apps/MessageQueue
		SccLocalPath55 = Datacenter\\Apps\\MessageQueue
		SccProjectUniqueName56 = Datacenter\\Apps\\RouterService\\LillTek.Datacenter.RouterService.csproj
		SccProjectTopLevelParentUniqueName56 = Platform.sln
		SccProjectName56 = Datacenter/Apps/RouterService
		SccLocalPath56 = Datacenter\\Apps\\RouterService
		SccProjectUniqueName57 = Test\\Apps\\Messaging\\MessagingTest.csproj
		SccProjectTopLevelParentUniqueName57 = Platform.sln
		SccProjectName57 = Test/Apps/Messaging
		SccLocalPath57 = Test\\Apps\\Messaging
		SccProjectUniqueName58 = Test\\Apps\\Web\\WebTest.csproj
		SccProjectTopLevelParentUniqueName58 = Platform.sln
		SccProjectName58 = Test/Apps/Web
		SccLocalPath58 = Test\\Apps\\Web
		SccProjectUniqueName59 = GeoTracker\\Client\\LillTek.GeoTracker.csproj
		SccProjectTopLevelParentUniqueName59 = Platform.sln
		SccProjectName59 = GeoTracker/Client
		SccLocalPath59 = GeoTracker\\Client
		SccProjectUniqueName60 = GeoTracker\\Server\\LillTek.GeoTracker.Server.csproj
		SccProjectTopLevelParentUniqueName60 = Platform.sln
		SccProjectName60 = GeoTracker/Server
		SccLocalPath60 = GeoTracker\\Server
		SccProjectUniqueName61 = GeoTracker\\Service\\LillTek.GeoTracker.Service.csproj
		SccProjectTopLevelParentUniqueName61 = Platform.sln
		SccProjectName61 = GeoTracker/Service
		SccLocalPath61 = GeoTracker\\Service
		SccProjectUniqueName62 = Test\\Test.GeoTracker\\LillTek.GeoTracker.Test.csproj
		SccProjectTopLevelParentUniqueName62 = Platform.sln
		SccProjectName62 = Test/Test.GeoTracker
		SccLocalPath62 = Test\\Test.GeoTracker
		SccProjectUniqueName63 = Base\\Data\\Install\\LillTek.Data.Install.csproj
		SccProjectTopLevelParentUniqueName63 = Platform.sln
		SccProjectName63 = Base/Data/Install
		SccLocalPath63 = Base\\Data\\Install
		SccProjectUniqueName64 = Telephony\\Sip\\LillTek.Telephony.Sip.csproj
		SccProjectTopLevelParentUniqueName64 = Platform.sln
		SccProjectName64 = Telephony/Sip
		SccLocalPath64 = Telephony\\Sip
		SccProjectUniqueName65 = Test\\Test.Telephony\\LillTek.Telephony.Test.csproj
		SccProjectTopLevelParentUniqueName65 = Platform.sln
		SccProjectName65 = Test/Test.Telephony
		SccLocalPath65 = Test\\Test.Telephony
		SccProjectUniqueName66 = Telephony\\Telephony\\LillTek.Telephony.csproj
		SccProjectTopLevelParentUniqueName66 = Platform.sln
		SccProjectName66 = Telephony/Telephony
		SccLocalPath66 = Telephony\\Telephony
		SccProjectUniqueName67 = Telephony\\NeonSwitch\\LillTek.Telephony.NeonSwitch.csproj
		SccProjectTopLevelParentUniqueName67 = Platform.sln
		SccProjectName67 = Telephony/NeonSwitch
		SccLocalPath67 = Telephony\\NeonSwitch
		SccProjectUniqueName68 = Telephony\\NeonAppLoader\\LillTek.Telephony.NeonAppLoader.csproj
		SccProjectTopLevelParentUniqueName68 = Platform.sln
		SccProjectName68 = Telephony/NeonAppLoader
		SccLocalPath68 = Telephony\\NeonAppLoader
		SccProjectUniqueName69 = Telephony\\NeonSwitchCore\\LillTek.Telephony.NeonSwitchCore.csproj
		SccProjectTopLevelParentUniqueName69 = Platform.sln
		SccProjectName69 = Telephony/NeonSwitchCore
		SccLocalPath69 = Telephony\\NeonSwitchCore
		SccProjectUniqueName70 = Test\\Test.LowLevel\\LillTek.LowLevel.Test.csproj
		SccProjectTopLevelParentUniqueName70 = Platform.sln
		SccProjectName70 = Test/Test.LowLevel
		SccLocalPath70 = Test\\Test.LowLevel
		SccProjectUniqueName71 = Base\\Owin\\LillTek.Owin.csproj
		SccProjectTopLevelParentUniqueName71 = Platform.sln
		SccProjectName71 = Base/Owin
		SccLocalPath71 = Base\\Owin
	EndGlobalSection
	GlobalSection(SolutionConfigurationPlatforms) = preSolution
		Debug|Any CPU = Debug|Any CPU
		Debug|x64 = Debug|x64
		Debug|x86 = Debug|x86
		Release|Any CPU = Release|Any CPU
		Release|x64 = Release|x64
		Release|x86 = Release|x86
	EndGlobalSection
	GlobalSection(ProjectConfigurationPlatforms) = postSolution
		{171D812A-5258-4E94-91FD-A67DE0203C98}.Debug|Any CPU.ActiveCfg = Debug|Any CPU
		{171D812A-5258-4E94-91FD-A67DE0203C98}.Debug|Any CPU.Build.0 = Debug|Any CPU
		{171D812A-5258-4E94-91FD-A67DE0203C98}.Debug|x64.ActiveCfg = Debug|x64
		{171D812A-5258-4E94-91FD-A67DE0203C98}.Debug|x64.Build.0 = Debug|x64
		{171D812A-5258-4E94-91FD-A67DE0203C98}.Debug|x86.ActiveCfg = Debug|Any CPU
		{171D812A-5258-4E94-91FD-A67DE0203C98}.Release|Any CPU.ActiveCfg = Release|Any CPU
		{171D812A-5258-4E94-91FD-A67DE0203C98}.Release|Any CPU.Build.0 = Release|Any CPU
		{171D812A-5258-4E94-91FD-A67DE0203C98}.Release|x64.ActiveCfg = Release|x64
		{171D812A-5258-4E94-91FD-A67DE0203C98}.Release|x64.Build.0 = Release|x64
		{171D812A-5258-4E94-91FD-A67DE0203C98}.Release|x86.ActiveCfg = Release|Any CPU
		{3A2DD65A-8521-46A3-874F-E8FA5C2BC763}.Debug|Any CPU.ActiveCfg = Debug|Any CPU
		{3A2DD65A-8521-46A3-874F-E8FA5C2BC763}.Debug|Any CPU.Build.0 = Debug|Any CPU
		{3A2DD65A-8521-46A3-874F-E8FA5C2BC763}.Debug|x64.ActiveCfg = Debug|x64
		{3A2DD65A-8521-46A3-874F-E8FA5C2BC763}.Debug|x64.Build.0 = Debug|x64
		{3A2DD65A-8521-46A3-874F-E8FA5C2BC763}.Debug|x86.ActiveCfg = Debug|Any CPU
		{3A2DD65A-8521-46A3-874F-E8FA5C2BC763}.Release|Any CPU.ActiveCfg = Release|Any CPU
		{3A2DD65A-8521-46A3-874F-E8FA5C2BC763}.Release|Any CPU.Build.0 = Release|Any CPU
		{3A2DD65A-8521-46A3-874F-E8FA5C2BC763}.Release|x64.ActiveCfg = Release|x64
		{3A2DD65A-8521-46A3-874F-E8FA5C2BC763}.Release|x64.Build.0 = Release|x64
		{3A2DD65A-8521-46A3-874F-E8FA5C2BC763}.Release|x86.ActiveCfg = Release|Any CPU
		{0A4752AD-591D-4557-B8A1-D84BF6A010CE}.Debug|Any CPU.ActiveCfg = Debug|Any CPU
		{0A4752AD-591D-4557-B8A1-D84BF6A010CE}.Debug|Any CPU.Build.0 = Debug|Any CPU
		{0A4752AD-591D-4557-B8A1-D84BF6A010CE}.Debug|x64.ActiveCfg = Debug|x64
		{0A4752AD-591D-4557-B8A1-D84BF6A010CE}.Debug|x64.Build.0 = Debug|x64
		{0A4752AD-591D-4557-B8A1-D84BF6A010CE}.Debug|x86.ActiveCfg = Debug|Any CPU
		{0A4752AD-591D-4557-B8A1-D84BF6A010CE}.Release|Any CPU.ActiveCfg = Release|Any CPU
		{0A4752AD-591D-4557-B8A1-D84BF6A010CE}.Release|Any CPU.Build.0 = Release|Any CPU
		{0A4752AD-591D-4557-B8A1-D84BF6A010CE}.Release|x64.ActiveCfg = Release|x64
		{0A4752AD-591D-4557-B8A1-D84BF6A010CE}.Release|x64.Build.0 = Release|x64
		{0A4752AD-591D-4557-B8A1-D84BF6A010CE}.Release|x86.ActiveCfg = Release|Any CPU
		{A0D0385E-C989-4AFC-976B-71D9D7F9D8E5}.Debug|Any CPU.ActiveCfg = Debug|Any CPU
		{A0D0385E-C989-4AFC-976B-71D9D7F9D8E5}.Debug|Any CPU.Build.0 = Debug|Any CPU
		{A0D0385E-C989-4AFC-976B-71D9D7F9D8E5}.Debug|x64.ActiveCfg = Debug|x64
		{A0D0385E-C989-4AFC-976B-71D9D7F9D8E5}.Debug|x64.Build.0 = Debug|x64
		{A0D0385E-C989-4AFC-976B-71D9D7F9D8E5}.Debug|x86.ActiveCfg = Debug|Any CPU
		{A0D0385E-C989-4AFC-976B-71D9D7F9D8E5}.Release|Any CPU.ActiveCfg = Release|Any CPU
		{A0D0385E-C989-4AFC-976B-71D9D7F9D8E5}.Release|Any CPU.Build.0 = Release|Any CPU
		{A0D0385E-C989-4AFC-976B-71D9D7F9D8E5}.Release|x64.ActiveCfg = Release|x64
		{A0D0385E-C989-4AFC-976B-71D9D7F9D8E5}.Release|x64.Build.0 = Release|x64
		{A0D0385E-C989-4AFC-976B-71D9D7F9D8E5}.Release|x86.ActiveCfg = Release|Any CPU
		{15260180-F909-4AC6-A047-31EB60735F0C}.Debug|Any CPU.ActiveCfg = Debug|Any CPU
		{15260180-F909-4AC6-A047-31EB60735F0C}.Debug|Any CPU.Build.0 = Debug|Any CPU
		{15260180-F909-4AC6-A047-31EB60735F0C}.Debug|x64.ActiveCfg = Debug|x64
		{15260180-F909-4AC6-A047-31EB60735F0C}.Debug|x64.Build.0 = Debug|x64
		{15260180-F909-4AC6-A047-31EB60735F0C}.Debug|x86.ActiveCfg = Debug|Any CPU
		{15260180-F909-4AC6-A047-31EB60735F0C}.Release|Any CPU.ActiveCfg = Release|Any CPU
		{15260180-F909-4AC6-A047-31EB60735F0C}.Release|Any CPU.Build.0 = Release|Any CPU
		{15260180-F909-4AC6-A047-31EB60735F0C}.Release|x64.ActiveCfg = Release|x64
		{15260180-F909-4AC6-A047-31EB60735F0C}.Release|x64.Build.0 = Release|x64
		{15260180-F909-4AC6-A047-31EB60735F0C}.Release|x86.ActiveCfg = Release|Any CPU
		{287B533D-814D-4DCA-87EB-FCF2AF711E07}.Debug|Any CPU.ActiveCfg = Debug|Any CPU
		{287B533D-814D-4DCA-87EB-FCF2AF711E07}.Debug|Any CPU.Build.0 = Debug|Any CPU
		{287B533D-814D-4DCA-87EB-FCF2AF711E07}.Debug|x64.ActiveCfg = Debug|x64
		{287B533D-814D-4DCA-87EB-FCF2AF711E07}.Debug|x64.Build.0 = Debug|x64
		{287B533D-814D-4DCA-87EB-FCF2AF711E07}.Debug|x86.ActiveCfg = Debug|Any CPU
		{287B533D-814D-4DCA-87EB-FCF2AF711E07}.Release|Any CPU.ActiveCfg = Release|Any CPU
		{287B533D-814D-4DCA-87EB-FCF2AF711E07}.Release|Any CPU.Build.0 = Release|Any CPU
		{287B533D-814D-4DCA-87EB-FCF2AF711E07}.Release|x64.ActiveCfg = Release|x64
		{287B533D-814D-4DCA-87EB-FCF2AF711E07}.Release|x64.Build.0 = Release|x64
		{287B533D-814D-4DCA-87EB-FCF2AF711E07}.Release|x86.ActiveCfg = Release|Any CPU
		{82B4F9CA-E721-4E66-AE73-CE0EB27EDBEC}.Debug|Any CPU.ActiveCfg = Debug|Any CPU
		{82B4F9CA-E721-4E66-AE73-CE0EB27EDBEC}.Debug|Any CPU.Build.0 = Debug|Any CPU
		{82B4F9CA-E721-4E66-AE73-CE0EB27EDBEC}.Debug|x64.ActiveCfg = Debug|x64
		{82B4F9CA-E721-4E66-AE73-CE0EB27EDBEC}.Debug|x64.Build.0 = Debug|x64
		{82B4F9CA-E721-4E66-AE73-CE0EB27EDBEC}.Debug|x86.ActiveCfg = Debug|Any CPU
		{82B4F9CA-E721-4E66-AE73-CE0EB27EDBEC}.Release|Any CPU.ActiveCfg = Release|Any CPU
		{82B4F9CA-E721-4E66-AE73-CE0EB27EDBEC}.Release|Any CPU.Build.0 = Release|Any CPU
		{82B4F9CA-E721-4E66-AE73-CE0EB27EDBEC}.Release|x64.ActiveCfg = Release|x64
		{82B4F9CA-E721-4E66-AE73-CE0EB27EDBEC}.Release|x64.Build.0 = Release|x64
		{82B4F9CA-E721-4E66-AE73-CE0EB27EDBEC}.Release|x86.ActiveCfg = Release|Any CPU
		{3464842F-9131-4824-9CF2-E3A0075AC95C}.Debug|Any CPU.ActiveCfg = Debug|Any CPU
		{3464842F-9131-4824-9CF2-E3A0075AC95C}.Debug|Any CPU.Build.0 = Debug|Any CPU
		{3464842F-9131-4824-9CF2-E3A0075AC95C}.Debug|x64.ActiveCfg = Debug|x64
		{3464842F-9131-4824-9CF2-E3A0075AC95C}.Debug|x64.Build.0 = Debug|x64
		{3464842F-9131-4824-9CF2-E3A0075AC95C}.Debug|x86.ActiveCfg = Debug|Any CPU
		{3464842F-9131-4824-9CF2-E3A0075AC95C}.Release|Any CPU.ActiveCfg = Release|Any CPU
		{3464842F-9131-4824-9CF2-E3A0075AC95C}.Release|Any CPU.Build.0 = Release|Any CPU
		{3464842F-9131-4824-9CF2-E3A0075AC95C}.Release|x64.ActiveCfg = Release|x64
		{3464842F-9131-4824-9CF2-E3A0075AC95C}.Release|x64.Build.0 = Release|x64
		{3464842F-9131-4824-9CF2-E3A0075AC95C}.Release|x86.ActiveCfg = Release|Any CPU
		{6FA1B142-AFDD-40D8-B559-D3ED98ABD6F7}.Debug|Any CPU.ActiveCfg = Debug|Any CPU
		{6FA1B142-AFDD-40D8-B559-D3ED98ABD6F7}.Debug|Any CPU.Build.0 = Debug|Any CPU
		{6FA1B142-AFDD-40D8-B559-D3ED98ABD6F7}.Debug|x64.ActiveCfg = Debug|x64
		{6FA1B142-AFDD-40D8-B559-D3ED98ABD6F7}.Debug|x64.Build.0 = Debug|x64
		{6FA1B142-AFDD-40D8-B559-D3ED98ABD6F7}.Debug|x86.ActiveCfg = Debug|Any CPU
		{6FA1B142-AFDD-40D8-B559-D3ED98ABD6F7}.Release|Any CPU.ActiveCfg = Release|Any CPU
		{6FA1B142-AFDD-40D8-B559-D3ED98ABD6F7}.Release|Any CPU.Build.0 = Release|Any CPU
		{6FA1B142-AFDD-40D8-B559-D3ED98ABD6F7}.Release|x64.ActiveCfg = Release|x64
		{6FA1B142-AFDD-40D8-B559-D3ED98ABD6F7}.Release|x64.Build.0 = Release|x64
		{6FA1B142-AFDD-40D8-B559-D3ED98ABD6F7}.Release|x86.ActiveCfg = Release|Any CPU
		{845744E0-268E-482B-ADCD-1C334E1F2D37}.Debug|Any CPU.ActiveCfg = Debug|Any CPU
		{845744E0-268E-482B-ADCD-1C334E1F2D37}.Debug|Any CPU.Build.0 = Debug|Any CPU
		{845744E0-268E-482B-ADCD-1C334E1F2D37}.Debug|x64.ActiveCfg = Debug|x64
		{845744E0-268E-482B-ADCD-1C334E1F2D37}.Debug|x64.Build.0 = Debug|x64
		{845744E0-268E-482B-ADCD-1C334E1F2D37}.Debug|x86.ActiveCfg = Debug|Any CPU
		{845744E0-268E-482B-ADCD-1C334E1F2D37}.Release|Any CPU.ActiveCfg = Release|Any CPU
		{845744E0-268E-482B-ADCD-1C334E1F2D37}.Release|Any CPU.Build.0 = Release|Any CPU
		{845744E0-268E-482B-ADCD-1C334E1F2D37}.Release|x64.ActiveCfg = Release|x64
		{845744E0-268E-482B-ADCD-1C334E1F2D37}.Release|x64.Build.0 = Release|x64
		{845744E0-268E-482B-ADCD-1C334E1F2D37}.Release|x86.ActiveCfg = Release|Any CPU
		{AB44D1FD-4A3F-4FC0-842F-0913A08423B8}.Debug|Any CPU.ActiveCfg = Debug|Any CPU
		{AB44D1FD-4A3F-4FC0-842F-0913A08423B8}.Debug|Any CPU.Build.0 = Debug|Any CPU
		{AB44D1FD-4A3F-4FC0-842F-0913A08423B8}.Debug|x64.ActiveCfg = Debug|x64
		{AB44D1FD-4A3F-4FC0-842F-0913A08423B8}.Debug|x64.Build.0 = Debug|x64
		{AB44D1FD-4A3F-4FC0-842F-0913A08423B8}.Debug|x86.ActiveCfg = Debug|Any CPU
		{AB44D1FD-4A3F-4FC0-842F-0913A08423B8}.Release|Any CPU.ActiveCfg = Release|Any CPU
		{AB44D1FD-4A3F-4FC0-842F-0913A08423B8}.Release|Any CPU.Build.0 = Release|Any CPU
		{AB44D1FD-4A3F-4FC0-842F-0913A08423B8}.Release|x64.ActiveCfg = Release|x64
		{AB44D1FD-4A3F-4FC0-842F-0913A08423B8}.Release|x64.Build.0 = Release|x64
		{AB44D1FD-4A3F-4FC0-842F-0913A08423B8}.Release|x86.ActiveCfg = Release|Any CPU
		{E5C09226-5D9F-41E8-927A-D53D3015DAEC}.Debug|Any CPU.ActiveCfg = Debug|Any CPU
		{E5C09226-5D9F-41E8-927A-D53D3015DAEC}.Debug|Any CPU.Build.0 = Debug|Any CPU
		{E5C09226-5D9F-41E8-927A-D53D3015DAEC}.Debug|x64.ActiveCfg = Debug|x64
		{E5C09226-5D9F-41E8-927A-D53D3015DAEC}.Debug|x64.Build.0 = Debug|x64
		{E5C09226-5D9F-41E8-927A-D53D3015DAEC}.Debug|x86.ActiveCfg = Debug|Any CPU
		{E5C09226-5D9F-41E8-927A-D53D3015DAEC}.Release|Any CPU.ActiveCfg = Release|Any CPU
		{E5C09226-5D9F-41E8-927A-D53D3015DAEC}.Release|Any CPU.Build.0 = Release|Any CPU
		{E5C09226-5D9F-41E8-927A-D53D3015DAEC}.Release|x64.ActiveCfg = Release|x64
		{E5C09226-5D9F-41E8-927A-D53D3015DAEC}.Release|x64.Build.0 = Release|x64
		{E5C09226-5D9F-41E8-927A-D53D3015DAEC}.Release|x86.ActiveCfg = Release|Any CPU
		{35F1A233-FF30-410C-BB74-92E8A0F49266}.Debug|Any CPU.ActiveCfg = Debug|Any CPU
		{35F1A233-FF30-410C-BB74-92E8A0F49266}.Debug|Any CPU.Build.0 = Debug|Any CPU
		{35F1A233-FF30-410C-BB74-92E8A0F49266}.Debug|x64.ActiveCfg = Debug|x64
		{35F1A233-FF30-410C-BB74-92E8A0F49266}.Debug|x64.Build.0 = Debug|x64
		{35F1A233-FF30-410C-BB74-92E8A0F49266}.Debug|x86.ActiveCfg = Debug|Any CPU
		{35F1A233-FF30-410C-BB74-92E8A0F49266}.Release|Any CPU.ActiveCfg = Release|Any CPU
		{35F1A233-FF30-410C-BB74-92E8A0F49266}.Release|Any CPU.Build.0 = Release|Any CPU
		{35F1A233-FF30-410C-BB74-92E8A0F49266}.Release|x64.ActiveCfg = Release|x64
		{35F1A233-FF30-410C-BB74-92E8A0F49266}.Release|x64.Build.0 = Release|x64
		{35F1A233-FF30-410C-BB74-92E8A0F49266}.Release|x86.ActiveCfg = Release|Any CPU
		{BF8D7BC1-EC01-4665-ADDC-1CE6F0036011}.Debug|Any CPU.ActiveCfg = Debug|Any CPU
		{BF8D7BC1-EC01-4665-ADDC-1CE6F0036011}.Debug|Any CPU.Build.0 = Debug|Any CPU
		{BF8D7BC1-EC01-4665-ADDC-1CE6F0036011}.Debug|x64.ActiveCfg = Debug|x64
		{BF8D7BC1-EC01-4665-ADDC-1CE6F0036011}.Debug|x64.Build.0 = Debug|x64
		{BF8D7BC1-EC01-4665-ADDC-1CE6F0036011}.Debug|x86.ActiveCfg = Debug|Any CPU
		{BF8D7BC1-EC01-4665-ADDC-1CE6F0036011}.Release|Any CPU.ActiveCfg = Release|Any CPU
		{BF8D7BC1-EC01-4665-ADDC-1CE6F0036011}.Release|Any CPU.Build.0 = Release|Any CPU
		{BF8D7BC1-EC01-4665-ADDC-1CE6F0036011}.Release|x64.ActiveCfg = Release|x64
		{BF8D7BC1-EC01-4665-ADDC-1CE6F0036011}.Release|x64.Build.0 = Release|x64
		{BF8D7BC1-EC01-4665-ADDC-1CE6F0036011}.Release|x86.ActiveCfg = Release|Any CPU
		{5B73A206-279B-4EA6-B9B4-A04FA7B85CCD}.Debug|Any CPU.ActiveCfg = Debug|Any CPU
		{5B73A206-279B-4EA6-B9B4-A04FA7B85CCD}.Debug|Any CPU.Build.0 = Debug|Any CPU
		{5B73A206-279B-4EA6-B9B4-A04FA7B85CCD}.Debug|x64.ActiveCfg = Debug|x64
		{5B73A206-279B-4EA6-B9B4-A04FA7B85CCD}.Debug|x64.Build.0 = Debug|x64
		{5B73A206-279B-4EA6-B9B4-A04FA7B85CCD}.Debug|x86.ActiveCfg = Debug|Any CPU
		{5B73A206-279B-4EA6-B9B4-A04FA7B85CCD}.Release|Any CPU.ActiveCfg = Release|Any CPU
		{5B73A206-279B-4EA6-B9B4-A04FA7B85CCD}.Release|Any CPU.Build.0 = Release|Any CPU
		{5B73A206-279B-4EA6-B9B4-A04FA7B85CCD}.Release|x64.ActiveCfg = Release|x64
		{5B73A206-279B-4EA6-B9B4-A04FA7B85CCD}.Release|x64.Build.0 = Release|x64
		{5B73A206-279B-4EA6-B9B4-A04FA7B85CCD}.Release|x86.ActiveCfg = Release|Any CPU
		{BE1C9A6B-881F-44C1-8088-6A03A788A709}.Debug|Any CPU.ActiveCfg = Debug|Any CPU
		{BE1C9A6B-881F-44C1-8088-6A03A788A709}.Debug|Any CPU.Build.0 = Debug|Any CPU
		{BE1C9A6B-881F-44C1-8088-6A03A788A709}.Debug|x64.ActiveCfg = Debug|x64
		{BE1C9A6B-881F-44C1-8088-6A03A788A709}.Debug|x64.Build.0 = Debug|x64
		{BE1C9A6B-881F-44C1-8088-6A03A788A709}.Debug|x86.ActiveCfg = Debug|Any CPU
		{BE1C9A6B-881F-44C1-8088-6A03A788A709}.Release|Any CPU.ActiveCfg = Release|Any CPU
		{BE1C9A6B-881F-44C1-8088-6A03A788A709}.Release|Any CPU.Build.0 = Release|Any CPU
		{BE1C9A6B-881F-44C1-8088-6A03A788A709}.Release|x64.ActiveCfg = Release|x64
		{BE1C9A6B-881F-44C1-8088-6A03A788A709}.Release|x64.Build.0 = Release|x64
		{BE1C9A6B-881F-44C1-8088-6A03A788A709}.Release|x86.ActiveCfg = Release|Any CPU
		{638F7371-9DA4-4C33-A640-B5AC94363985}.Debug|Any CPU.ActiveCfg = Debug|Any CPU
		{638F7371-9DA4-4C33-A640-B5AC94363985}.Debug|Any CPU.Build.0 = Debug|Any CPU
		{638F7371-9DA4-4C33-A640-B5AC94363985}.Debug|x64.ActiveCfg = Debug|x64
		{638F7371-9DA4-4C33-A640-B5AC94363985}.Debug|x64.Build.0 = Debug|x64
		{638F7371-9DA4-4C33-A640-B5AC94363985}.Debug|x86.ActiveCfg = Debug|Any CPU
		{638F7371-9DA4-4C33-A640-B5AC94363985}.Release|Any CPU.ActiveCfg = Release|Any CPU
		{638F7371-9DA4-4C33-A640-B5AC94363985}.Release|Any CPU.Build.0 = Release|Any CPU
		{638F7371-9DA4-4C33-A640-B5AC94363985}.Release|x64.ActiveCfg = Release|x64
		{638F7371-9DA4-4C33-A640-B5AC94363985}.Release|x64.Build.0 = Release|x64
		{638F7371-9DA4-4C33-A640-B5AC94363985}.Release|x86.ActiveCfg = Release|Any CPU
		{3FB5BCDE-5E77-4C19-B47E-9E01A1F24D22}.Debug|Any CPU.ActiveCfg = Debug|Any CPU
		{3FB5BCDE-5E77-4C19-B47E-9E01A1F24D22}.Debug|Any CPU.Build.0 = Debug|Any CPU
		{3FB5BCDE-5E77-4C19-B47E-9E01A1F24D22}.Debug|x64.ActiveCfg = Debug|x64
		{3FB5BCDE-5E77-4C19-B47E-9E01A1F24D22}.Debug|x64.Build.0 = Debug|x64
		{3FB5BCDE-5E77-4C19-B47E-9E01A1F24D22}.Debug|x86.ActiveCfg = Debug|Any CPU
		{3FB5BCDE-5E77-4C19-B47E-9E01A1F24D22}.Release|Any CPU.ActiveCfg = Release|Any CPU
		{3FB5BCDE-5E77-4C19-B47E-9E01A1F24D22}.Release|Any CPU.Build.0 = Release|Any CPU
		{3FB5BCDE-5E77-4C19-B47E-9E01A1F24D22}.Release|x64.ActiveCfg = Release|x64
		{3FB5BCDE-5E77-4C19-B47E-9E01A1F24D22}.Release|x64.Build.0 = Release|x64
		{3FB5BCDE-5E77-4C19-B47E-9E01A1F24D22}.Release|x86.ActiveCfg = Release|Any CPU
		{9339EB11-8C21-41E5-B744-05B445F81DFF}.Debug|Any CPU.ActiveCfg = Debug|Any CPU
		{9339EB11-8C21-41E5-B744-05B445F81DFF}.Debug|Any CPU.Build.0 = Debug|Any CPU
		{9339EB11-8C21-41E5-B744-05B445F81DFF}.Debug|x64.ActiveCfg = Debug|x64
		{9339EB11-8C21-41E5-B744-05B445F81DFF}.Debug|x64.Build.0 = Debug|x64
		{9339EB11-8C21-41E5-B744-05B445F81DFF}.Debug|x86.ActiveCfg = Debug|Any CPU
		{9339EB11-8C21-41E5-B744-05B445F81DFF}.Release|Any CPU.ActiveCfg = Release|Any CPU
		{9339EB11-8C21-41E5-B744-05B445F81DFF}.Release|Any CPU.Build.0 = Release|Any CPU
		{9339EB11-8C21-41E5-B744-05B445F81DFF}.Release|x64.ActiveCfg = Release|x64
		{9339EB11-8C21-41E5-B744-05B445F81DFF}.Release|x64.Build.0 = Release|x64
		{9339EB11-8C21-41E5-B744-05B445F81DFF}.Release|x86.ActiveCfg = Release|Any CPU
		{817211ED-6771-4C27-A093-3FB21AA493C6}.Debug|Any CPU.ActiveCfg = Debug|Any CPU
		{817211ED-6771-4C27-A093-3FB21AA493C6}.Debug|Any CPU.Build.0 = Debug|Any CPU
		{817211ED-6771-4C27-A093-3FB21AA493C6}.Debug|x64.ActiveCfg = Debug|x64
		{817211ED-6771-4C27-A093-3FB21AA493C6}.Debug|x64.Build.0 = Debug|x64
		{817211ED-6771-4C27-A093-3FB21AA493C6}.Debug|x86.ActiveCfg = Debug|Any CPU
		{817211ED-6771-4C27-A093-3FB21AA493C6}.Release|Any CPU.ActiveCfg = Release|Any CPU
		{817211ED-6771-4C27-A093-3FB21AA493C6}.Release|Any CPU.Build.0 = Release|Any CPU
		{817211ED-6771-4C27-A093-3FB21AA493C6}.Release|x64.ActiveCfg = Release|x64
		{817211ED-6771-4C27-A093-3FB21AA493C6}.Release|x64.Build.0 = Release|x64
		{817211ED-6771-4C27-A093-3FB21AA493C6}.Release|x86.ActiveCfg = Release|Any CPU
		{BA0531CB-7F0B-4A5D-919D-CA2630F53EDF}.Debug|Any CPU.ActiveCfg = Debug|Any CPU
		{BA0531CB-7F0B-4A5D-919D-CA2630F53EDF}.Debug|Any CPU.Build.0 = Debug|Any CPU
		{BA0531CB-7F0B-4A5D-919D-CA2630F53EDF}.Debug|x64.ActiveCfg = Debug|x64
		{BA0531CB-7F0B-4A5D-919D-CA2630F53EDF}.Debug|x64.Build.0 = Debug|x64
		{BA0531CB-7F0B-4A5D-919D-CA2630F53EDF}.Debug|x86.ActiveCfg = Debug|Any CPU
		{BA0531CB-7F0B-4A5D-919D-CA2630F53EDF}.Release|Any CPU.ActiveCfg = Release|Any CPU
		{BA0531CB-7F0B-4A5D-919D-CA2630F53EDF}.Release|Any CPU.Build.0 = Release|Any CPU
		{BA0531CB-7F0B-4A5D-919D-CA2630F53EDF}.Release|x64.ActiveCfg = Release|x64
		{BA0531CB-7F0B-4A5D-919D-CA2630F53EDF}.Release|x64.Build.0 = Release|x64
		{BA0531CB-7F0B-4A5D-919D-CA2630F53EDF}.Release|x86.ActiveCfg = Release|Any CPU
		{A27425E2-CF04-4165-BEBC-4CEBEF30364A}.Debug|Any CPU.ActiveCfg = Debug|Any CPU
		{A27425E2-CF04-4165-BEBC-4CEBEF30364A}.Debug|Any CPU.Build.0 = Debug|Any CPU
		{A27425E2-CF04-4165-BEBC-4CEBEF30364A}.Debug|x64.ActiveCfg = Debug|x64
		{A27425E2-CF04-4165-BEBC-4CEBEF30364A}.Debug|x64.Build.0 = Debug|x64
		{A27425E2-CF04-4165-BEBC-4CEBEF30364A}.Debug|x86.ActiveCfg = Debug|Any CPU
		{A27425E2-CF04-4165-BEBC-4CEBEF30364A}.Release|Any CPU.ActiveCfg = Release|Any CPU
		{A27425E2-CF04-4165-BEBC-4CEBEF30364A}.Release|Any CPU.Build.0 = Release|Any CPU
		{A27425E2-CF04-4165-BEBC-4CEBEF30364A}.Release|x64.ActiveCfg = Release|x64
		{A27425E2-CF04-4165-BEBC-4CEBEF30364A}.Release|x64.Build.0 = Release|x64
		{A27425E2-CF04-4165-BEBC-4CEBEF30364A}.Release|x86.ActiveCfg = Release|Any CPU
		{215CA528-5A93-4D06-9E15-7EBCB70E1233}.Debug|Any CPU.ActiveCfg = Debug|Any CPU
		{215CA528-5A93-4D06-9E15-7EBCB70E1233}.Debug|Any CPU.Build.0 = Debug|Any CPU
		{215CA528-5A93-4D06-9E15-7EBCB70E1233}.Debug|x64.ActiveCfg = Debug|x64
		{215CA528-5A93-4D06-9E15-7EBCB70E1233}.Debug|x64.Build.0 = Debug|x64
		{215CA528-5A93-4D06-9E15-7EBCB70E1233}.Debug|x86.ActiveCfg = Debug|Any CPU
		{215CA528-5A93-4D06-9E15-7EBCB70E1233}.Release|Any CPU.ActiveCfg = Release|Any CPU
		{215CA528-5A93-4D06-9E15-7EBCB70E1233}.Release|Any CPU.Build.0 = Release|Any CPU
		{215CA528-5A93-4D06-9E15-7EBCB70E1233}.Release|x64.ActiveCfg = Release|x64
		{215CA528-5A93-4D06-9E15-7EBCB70E1233}.Release|x64.Build.0 = Release|x64
		{215CA528-5A93-4D06-9E15-7EBCB70E1233}.Release|x86.ActiveCfg = Release|Any CPU
		{D0FAF9DE-9721-467D-997B-594850505837}.Debug|Any CPU.ActiveCfg = Debug|Any CPU
		{D0FAF9DE-9721-467D-997B-594850505837}.Debug|Any CPU.Build.0 = Debug|Any CPU
		{D0FAF9DE-9721-467D-997B-594850505837}.Debug|x64.ActiveCfg = Debug|x64
		{D0FAF9DE-9721-467D-997B-594850505837}.Debug|x64.Build.0 = Debug|x64
		{D0FAF9DE-9721-467D-997B-594850505837}.Debug|x86.ActiveCfg = Debug|Any CPU
		{D0FAF9DE-9721-467D-997B-594850505837}.Release|Any CPU.ActiveCfg = Release|Any CPU
		{D0FAF9DE-9721-467D-997B-594850505837}.Release|Any CPU.Build.0 = Release|Any CPU
		{D0FAF9DE-9721-467D-997B-594850505837}.Release|x64.ActiveCfg = Release|x64
		{D0FAF9DE-9721-467D-997B-594850505837}.Release|x64.Build.0 = Release|x64
		{D0FAF9DE-9721-467D-997B-594850505837}.Release|x86.ActiveCfg = Release|Any CPU
		{10503A0B-576C-4D6A-A7B7-326D4BC2E0DD}.Debug|Any CPU.ActiveCfg = Debug|Any CPU
		{10503A0B-576C-4D6A-A7B7-326D4BC2E0DD}.Debug|Any CPU.Build.0 = Debug|Any CPU
		{10503A0B-576C-4D6A-A7B7-326D4BC2E0DD}.Debug|x64.ActiveCfg = Debug|x64
		{10503A0B-576C-4D6A-A7B7-326D4BC2E0DD}.Debug|x64.Build.0 = Debug|x64
		{10503A0B-576C-4D6A-A7B7-326D4BC2E0DD}.Debug|x86.ActiveCfg = Debug|Any CPU
		{10503A0B-576C-4D6A-A7B7-326D4BC2E0DD}.Release|Any CPU.ActiveCfg = Release|Any CPU
		{10503A0B-576C-4D6A-A7B7-326D4BC2E0DD}.Release|Any CPU.Build.0 = Release|Any CPU
		{10503A0B-576C-4D6A-A7B7-326D4BC2E0DD}.Release|x64.ActiveCfg = Release|x64
		{10503A0B-576C-4D6A-A7B7-326D4BC2E0DD}.Release|x64.Build.0 = Release|x64
		{10503A0B-576C-4D6A-A7B7-326D4BC2E0DD}.Release|x86.ActiveCfg = Release|Any CPU
		{B4570198-387E-4EB2-B64A-CD8DB089FD92}.Debug|Any CPU.ActiveCfg = Debug|Any CPU
		{B4570198-387E-4EB2-B64A-CD8DB089FD92}.Debug|Any CPU.Build.0 = Debug|Any CPU
		{B4570198-387E-4EB2-B64A-CD8DB089FD92}.Debug|x64.ActiveCfg = Debug|x64
		{B4570198-387E-4EB2-B64A-CD8DB089FD92}.Debug|x64.Build.0 = Debug|x64
		{B4570198-387E-4EB2-B64A-CD8DB089FD92}.Debug|x86.ActiveCfg = Debug|Any CPU
		{B4570198-387E-4EB2-B64A-CD8DB089FD92}.Release|Any CPU.ActiveCfg = Release|Any CPU
		{B4570198-387E-4EB2-B64A-CD8DB089FD92}.Release|Any CPU.Build.0 = Release|Any CPU
		{B4570198-387E-4EB2-B64A-CD8DB089FD92}.Release|x64.ActiveCfg = Release|x64
		{B4570198-387E-4EB2-B64A-CD8DB089FD92}.Release|x64.Build.0 = Release|x64
		{B4570198-387E-4EB2-B64A-CD8DB089FD92}.Release|x86.ActiveCfg = Release|Any CPU
		{EF0A57C7-0EF0-40CB-97E9-BD5D72F83FBF}.Debug|Any CPU.ActiveCfg = Debug|Any CPU
		{EF0A57C7-0EF0-40CB-97E9-BD5D72F83FBF}.Debug|Any CPU.Build.0 = Debug|Any CPU
		{EF0A57C7-0EF0-40CB-97E9-BD5D72F83FBF}.Debug|x64.ActiveCfg = Debug|x64
		{EF0A57C7-0EF0-40CB-97E9-BD5D72F83FBF}.Debug|x64.Build.0 = Debug|x64
		{EF0A57C7-0EF0-40CB-97E9-BD5D72F83FBF}.Debug|x86.ActiveCfg = Debug|Any CPU
		{EF0A57C7-0EF0-40CB-97E9-BD5D72F83FBF}.Release|Any CPU.ActiveCfg = Release|Any CPU
		{EF0A57C7-0EF0-40CB-97E9-BD5D72F83FBF}.Release|Any CPU.Build.0 = Release|Any CPU
		{EF0A57C7-0EF0-40CB-97E9-BD5D72F83FBF}.Release|x64.ActiveCfg = Release|x64
		{EF0A57C7-0EF0-40CB-97E9-BD5D72F83FBF}.Release|x64.Build.0 = Release|x64
		{EF0A57C7-0EF0-40CB-97E9-BD5D72F83FBF}.Release|x86.ActiveCfg = Release|Any CPU
		{19E8E5A5-D161-4179-A1B2-6FD2CF8B1100}.Debug|Any CPU.ActiveCfg = Debug|Any CPU
		{19E8E5A5-D161-4179-A1B2-6FD2CF8B1100}.Debug|Any CPU.Build.0 = Debug|Any CPU
		{19E8E5A5-D161-4179-A1B2-6FD2CF8B1100}.Debug|x64.ActiveCfg = Debug|x64
		{19E8E5A5-D161-4179-A1B2-6FD2CF8B1100}.Debug|x64.Build.0 = Debug|x64
		{19E8E5A5-D161-4179-A1B2-6FD2CF8B1100}.Debug|x86.ActiveCfg = Debug|Any CPU
		{19E8E5A5-D161-4179-A1B2-6FD2CF8B1100}.Release|Any CPU.ActiveCfg = Release|Any CPU
		{19E8E5A5-D161-4179-A1B2-6FD2CF8B1100}.Release|Any CPU.Build.0 = Release|Any CPU
		{19E8E5A5-D161-4179-A1B2-6FD2CF8B1100}.Release|x64.ActiveCfg = Release|x64
		{19E8E5A5-D161-4179-A1B2-6FD2CF8B1100}.Release|x64.Build.0 = Release|x64
		{19E8E5A5-D161-4179-A1B2-6FD2CF8B1100}.Release|x86.ActiveCfg = Release|Any CPU
		{4002E59B-4594-45FA-960C-42A6EE147571}.Debug|Any CPU.ActiveCfg = Debug|Any CPU
		{4002E59B-4594-45FA-960C-42A6EE147571}.Debug|Any CPU.Build.0 = Debug|Any CPU
		{4002E59B-4594-45FA-960C-42A6EE147571}.Debug|x64.ActiveCfg = Debug|x64
		{4002E59B-4594-45FA-960C-42A6EE147571}.Debug|x64.Build.0 = Debug|x64
		{4002E59B-4594-45FA-960C-42A6EE147571}.Debug|x86.ActiveCfg = Debug|Any CPU
		{4002E59B-4594-45FA-960C-42A6EE147571}.Release|Any CPU.ActiveCfg = Release|Any CPU
		{4002E59B-4594-45FA-960C-42A6EE147571}.Release|Any CPU.Build.0 = Release|Any CPU
		{4002E59B-4594-45FA-960C-42A6EE147571}.Release|x64.ActiveCfg = Release|x64
		{4002E59B-4594-45FA-960C-42A6EE147571}.Release|x64.Build.0 = Release|x64
		{4002E59B-4594-45FA-960C-42A6EE147571}.Release|x86.ActiveCfg = Release|Any CPU
		{A50AD19A-60AD-455E-8FA0-0982FDE839E7}.Debug|Any CPU.ActiveCfg = Debug|Any CPU
		{A50AD19A-60AD-455E-8FA0-0982FDE839E7}.Debug|Any CPU.Build.0 = Debug|Any CPU
		{A50AD19A-60AD-455E-8FA0-0982FDE839E7}.Debug|x64.ActiveCfg = Debug|x64
		{A50AD19A-60AD-455E-8FA0-0982FDE839E7}.Debug|x64.Build.0 = Debug|x64
		{A50AD19A-60AD-455E-8FA0-0982FDE839E7}.Debug|x86.ActiveCfg = Debug|Any CPU
		{A50AD19A-60AD-455E-8FA0-0982FDE839E7}.Release|Any CPU.ActiveCfg = Release|Any CPU
		{A50AD19A-60AD-455E-8FA0-0982FDE839E7}.Release|Any CPU.Build.0 = Release|Any CPU
		{A50AD19A-60AD-455E-8FA0-0982FDE839E7}.Release|x64.ActiveCfg = Release|x64
		{A50AD19A-60AD-455E-8FA0-0982FDE839E7}.Release|x64.Build.0 = Release|x64
		{A50AD19A-60AD-455E-8FA0-0982FDE839E7}.Release|x86.ActiveCfg = Release|Any CPU
		{59CB73D5-2E9C-4B2E-ACAC-FE6B88B1DD8D}.Debug|Any CPU.ActiveCfg = Debug|Any CPU
		{59CB73D5-2E9C-4B2E-ACAC-FE6B88B1DD8D}.Debug|Any CPU.Build.0 = Debug|Any CPU
		{59CB73D5-2E9C-4B2E-ACAC-FE6B88B1DD8D}.Debug|x64.ActiveCfg = Debug|x64
		{59CB73D5-2E9C-4B2E-ACAC-FE6B88B1DD8D}.Debug|x64.Build.0 = Debug|x64
		{59CB73D5-2E9C-4B2E-ACAC-FE6B88B1DD8D}.Debug|x86.ActiveCfg = Debug|Any CPU
		{59CB73D5-2E9C-4B2E-ACAC-FE6B88B1DD8D}.Release|Any CPU.ActiveCfg = Release|Any CPU
		{59CB73D5-2E9C-4B2E-ACAC-FE6B88B1DD8D}.Release|Any CPU.Build.0 = Release|Any CPU
		{59CB73D5-2E9C-4B2E-ACAC-FE6B88B1DD8D}.Release|x64.ActiveCfg = Release|x64
		{59CB73D5-2E9C-4B2E-ACAC-FE6B88B1DD8D}.Release|x64.Build.0 = Release|x64
		{59CB73D5-2E9C-4B2E-ACAC-FE6B88B1DD8D}.Release|x86.ActiveCfg = Release|Any CPU
		{84040D41-18E8-4AD2-A654-703EA9DE02CB}.Debug|Any CPU.ActiveCfg = Debug|Any CPU
		{84040D41-18E8-4AD2-A654-703EA9DE02CB}.Debug|Any CPU.Build.0 = Debug|Any CPU
		{84040D41-18E8-4AD2-A654-703EA9DE02CB}.Debug|x64.ActiveCfg = Debug|x64
		{84040D41-18E8-4AD2-A654-703EA9DE02CB}.Debug|x64.Build.0 = Debug|x64
		{84040D41-18E8-4AD2-A654-703EA9DE02CB}.Debug|x86.ActiveCfg = Debug|Any CPU
		{84040D41-18E8-4AD2-A654-703EA9DE02CB}.Release|Any CPU.ActiveCfg = Release|Any CPU
		{84040D41-18E8-4AD2-A654-703EA9DE02CB}.Release|Any CPU.Build.0 = Release|Any CPU
		{84040D41-18E8-4AD2-A654-703EA9DE02CB}.Release|x64.ActiveCfg = Release|x64
		{84040D41-18E8-4AD2-A654-703EA9DE02CB}.Release|x64.Build.0 = Release|x64
		{84040D41-18E8-4AD2-A654-703EA9DE02CB}.Release|x86.ActiveCfg = Release|Any CPU
		{C0010F97-6184-46F4-855D-1DC917272C42}.Debug|Any CPU.ActiveCfg = Debug|Any CPU
		{C0010F97-6184-46F4-855D-1DC917272C42}.Debug|Any CPU.Build.0 = Debug|Any CPU
		{C0010F97-6184-46F4-855D-1DC917272C42}.Debug|x64.ActiveCfg = Debug|x64
		{C0010F97-6184-46F4-855D-1DC917272C42}.Debug|x64.Build.0 = Debug|x64
		{C0010F97-6184-46F4-855D-1DC917272C42}.Debug|x86.ActiveCfg = Debug|Any CPU
		{C0010F97-6184-46F4-855D-1DC917272C42}.Release|Any CPU.ActiveCfg = Release|Any CPU
		{C0010F97-6184-46F4-855D-1DC917272C42}.Release|Any CPU.Build.0 = Release|Any CPU
		{C0010F97-6184-46F4-855D-1DC917272C42}.Release|x64.ActiveCfg = Release|x64
		{C0010F97-6184-46F4-855D-1DC917272C42}.Release|x64.Build.0 = Release|x64
		{C0010F97-6184-46F4-855D-1DC917272C42}.Release|x86.ActiveCfg = Release|Any CPU
		{2BFB430B-6951-41BD-BE18-9B814EED0EF0}.Debug|Any CPU.ActiveCfg = Debug|Any CPU
		{2BFB430B-6951-41BD-BE18-9B814EED0EF0}.Debug|Any CPU.Build.0 = Debug|Any CPU
		{2BFB430B-6951-41BD-BE18-9B814EED0EF0}.Debug|x64.ActiveCfg = Debug|x64
		{2BFB430B-6951-41BD-BE18-9B814EED0EF0}.Debug|x64.Build.0 = Debug|x64
		{2BFB430B-6951-41BD-BE18-9B814EED0EF0}.Debug|x86.ActiveCfg = Debug|Any CPU
		{2BFB430B-6951-41BD-BE18-9B814EED0EF0}.Release|Any CPU.ActiveCfg = Release|Any CPU
		{2BFB430B-6951-41BD-BE18-9B814EED0EF0}.Release|Any CPU.Build.0 = Release|Any CPU
		{2BFB430B-6951-41BD-BE18-9B814EED0EF0}.Release|x64.ActiveCfg = Release|x64
		{2BFB430B-6951-41BD-BE18-9B814EED0EF0}.Release|x64.Build.0 = Release|x64
		{2BFB430B-6951-41BD-BE18-9B814EED0EF0}.Release|x86.ActiveCfg = Debug|Any CPU
		{BCDA2A30-205A-4A62-A95C-6D6075328B8E}.Debug|Any CPU.ActiveCfg = Debug|Any CPU
		{BCDA2A30-205A-4A62-A95C-6D6075328B8E}.Debug|Any CPU.Build.0 = Debug|Any CPU
		{BCDA2A30-205A-4A62-A95C-6D6075328B8E}.Debug|x64.ActiveCfg = Debug|x64
		{BCDA2A30-205A-4A62-A95C-6D6075328B8E}.Debug|x64.Build.0 = Debug|x64
		{BCDA2A30-205A-4A62-A95C-6D6075328B8E}.Debug|x86.ActiveCfg = Debug|Any CPU
		{BCDA2A30-205A-4A62-A95C-6D6075328B8E}.Release|Any CPU.ActiveCfg = Release|Any CPU
		{BCDA2A30-205A-4A62-A95C-6D6075328B8E}.Release|Any CPU.Build.0 = Release|Any CPU
		{BCDA2A30-205A-4A62-A95C-6D6075328B8E}.Release|x64.ActiveCfg = Release|x64
		{BCDA2A30-205A-4A62-A95C-6D6075328B8E}.Release|x64.Build.0 = Release|x64
		{BCDA2A30-205A-4A62-A95C-6D6075328B8E}.Release|x86.ActiveCfg = Release|Any CPU
		{7B367D8F-9717-4729-B510-BFB4DAA9C9C7}.Debug|Any CPU.ActiveCfg = Debug|Any CPU
		{7B367D8F-9717-4729-B510-BFB4DAA9C9C7}.Debug|Any CPU.Build.0 = Debug|Any CPU
		{7B367D8F-9717-4729-B510-BFB4DAA9C9C7}.Debug|x64.ActiveCfg = Debug|x64
		{7B367D8F-9717-4729-B510-BFB4DAA9C9C7}.Debug|x64.Build.0 = Debug|x64
		{7B367D8F-9717-4729-B510-BFB4DAA9C9C7}.Debug|x86.ActiveCfg = Debug|Any CPU
		{7B367D8F-9717-4729-B510-BFB4DAA9C9C7}.Release|Any CPU.ActiveCfg = Release|Any CPU
		{7B367D8F-9717-4729-B510-BFB4DAA9C9C7}.Release|Any CPU.Build.0 = Release|Any CPU
		{7B367D8F-9717-4729-B510-BFB4DAA9C9C7}.Release|x64.ActiveCfg = Release|x64
		{7B367D8F-9717-4729-B510-BFB4DAA9C9C7}.Release|x64.Build.0 = Release|x64
		{7B367D8F-9717-4729-B510-BFB4DAA9C9C7}.Release|x86.ActiveCfg = Release|Any CPU
		{D2E68DA8-50AE-4599-AA7B-FAFE2D08D336}.Debug|Any CPU.ActiveCfg = Debug|Any CPU
		{D2E68DA8-50AE-4599-AA7B-FAFE2D08D336}.Debug|Any CPU.Build.0 = Debug|Any CPU
		{D2E68DA8-50AE-4599-AA7B-FAFE2D08D336}.Debug|x64.ActiveCfg = Debug|x64
		{D2E68DA8-50AE-4599-AA7B-FAFE2D08D336}.Debug|x64.Build.0 = Debug|x64
		{D2E68DA8-50AE-4599-AA7B-FAFE2D08D336}.Debug|x86.ActiveCfg = Debug|Any CPU
		{D2E68DA8-50AE-4599-AA7B-FAFE2D08D336}.Release|Any CPU.ActiveCfg = Release|Any CPU
		{D2E68DA8-50AE-4599-AA7B-FAFE2D08D336}.Release|Any CPU.Build.0 = Release|Any CPU
		{D2E68DA8-50AE-4599-AA7B-FAFE2D08D336}.Release|x64.ActiveCfg = Release|x64
		{D2E68DA8-50AE-4599-AA7B-FAFE2D08D336}.Release|x64.Build.0 = Release|x64
		{D2E68DA8-50AE-4599-AA7B-FAFE2D08D336}.Release|x86.ActiveCfg = Release|Any CPU
		{06264F71-36F3-42E0-80AF-857ED7B2CB86}.Debug|Any CPU.ActiveCfg = Debug|Any CPU
		{06264F71-36F3-42E0-80AF-857ED7B2CB86}.Debug|Any CPU.Build.0 = Debug|Any CPU
		{06264F71-36F3-42E0-80AF-857ED7B2CB86}.Debug|x64.ActiveCfg = Debug|x64
		{06264F71-36F3-42E0-80AF-857ED7B2CB86}.Debug|x64.Build.0 = Debug|x64
		{06264F71-36F3-42E0-80AF-857ED7B2CB86}.Debug|x86.ActiveCfg = Debug|Any CPU
		{06264F71-36F3-42E0-80AF-857ED7B2CB86}.Release|Any CPU.ActiveCfg = Release|Any CPU
		{06264F71-36F3-42E0-80AF-857ED7B2CB86}.Release|Any CPU.Build.0 = Release|Any CPU
		{06264F71-36F3-42E0-80AF-857ED7B2CB86}.Release|x64.ActiveCfg = Release|x64
		{06264F71-36F3-42E0-80AF-857ED7B2CB86}.Release|x64.Build.0 = Release|x64
		{06264F71-36F3-42E0-80AF-857ED7B2CB86}.Release|x86.ActiveCfg = Release|Any CPU
		{8357122C-90A2-4CAA-98AF-B09E1621D9CC}.Debug|Any CPU.ActiveCfg = Debug|Any CPU
		{8357122C-90A2-4CAA-98AF-B09E1621D9CC}.Debug|Any CPU.Build.0 = Debug|Any CPU
		{8357122C-90A2-4CAA-98AF-B09E1621D9CC}.Debug|x64.ActiveCfg = Debug|x64
		{8357122C-90A2-4CAA-98AF-B09E1621D9CC}.Debug|x64.Build.0 = Debug|x64
		{8357122C-90A2-4CAA-98AF-B09E1621D9CC}.Debug|x86.ActiveCfg = Debug|Any CPU
		{8357122C-90A2-4CAA-98AF-B09E1621D9CC}.Release|Any CPU.ActiveCfg = Release|Any CPU
		{8357122C-90A2-4CAA-98AF-B09E1621D9CC}.Release|Any CPU.Build.0 = Release|Any CPU
		{8357122C-90A2-4CAA-98AF-B09E1621D9CC}.Release|x64.ActiveCfg = Release|x64
		{8357122C-90A2-4CAA-98AF-B09E1621D9CC}.Release|x64.Build.0 = Release|x64
		{8357122C-90A2-4CAA-98AF-B09E1621D9CC}.Release|x86.ActiveCfg = Release|Any CPU
		{EC64BBAE-AF97-44F8-8C52-EAE63DC72F16}.Debug|Any CPU.ActiveCfg = Debug|Any CPU
		{EC64BBAE-AF97-44F8-8C52-EAE63DC72F16}.Debug|Any CPU.Build.0 = Debug|Any CPU
		{EC64BBAE-AF97-44F8-8C52-EAE63DC72F16}.Debug|x64.ActiveCfg = Debug|x64
		{EC64BBAE-AF97-44F8-8C52-EAE63DC72F16}.Debug|x64.Build.0 = Debug|x64
		{EC64BBAE-AF97-44F8-8C52-EAE63DC72F16}.Debug|x86.ActiveCfg = Debug|Any CPU
		{EC64BBAE-AF97-44F8-8C52-EAE63DC72F16}.Release|Any CPU.ActiveCfg = Release|Any CPU
		{EC64BBAE-AF97-44F8-8C52-EAE63DC72F16}.Release|Any CPU.Build.0 = Release|Any CPU
		{EC64BBAE-AF97-44F8-8C52-EAE63DC72F16}.Release|x64.ActiveCfg = Release|x64
		{EC64BBAE-AF97-44F8-8C52-EAE63DC72F16}.Release|x64.Build.0 = Release|x64
		{EC64BBAE-AF97-44F8-8C52-EAE63DC72F16}.Release|x86.ActiveCfg = Release|Any CPU
		{48CCE81D-FB9F-4857-9F96-542E297ABB77}.Debug|Any CPU.ActiveCfg = Debug|Any CPU
		{48CCE81D-FB9F-4857-9F96-542E297ABB77}.Debug|Any CPU.Build.0 = Debug|Any CPU
		{48CCE81D-FB9F-4857-9F96-542E297ABB77}.Debug|x64.ActiveCfg = Debug|x64
		{48CCE81D-FB9F-4857-9F96-542E297ABB77}.Debug|x64.Build.0 = Debug|x64
		{48CCE81D-FB9F-4857-9F96-542E297ABB77}.Debug|x86.ActiveCfg = Debug|Any CPU
		{48CCE81D-FB9F-4857-9F96-542E297ABB77}.Release|Any CPU.ActiveCfg = Release|Any CPU
		{48CCE81D-FB9F-4857-9F96-542E297ABB77}.Release|Any CPU.Build.0 = Release|Any CPU
		{48CCE81D-FB9F-4857-9F96-542E297ABB77}.Release|x64.ActiveCfg = Release|x64
		{48CCE81D-FB9F-4857-9F96-542E297ABB77}.Release|x64.Build.0 = Release|x64
		{48CCE81D-FB9F-4857-9F96-542E297ABB77}.Release|x86.ActiveCfg = Release|Any CPU
		{B8924D7E-BBC6-49A8-A45F-5653BCC9CB79}.Debug|Any CPU.ActiveCfg = Debug|Any CPU
		{B8924D7E-BBC6-49A8-A45F-5653BCC9CB79}.Debug|Any CPU.Build.0 = Debug|Any CPU
		{B8924D7E-BBC6-49A8-A45F-5653BCC9CB79}.Debug|x64.ActiveCfg = Debug|x64
		{B8924D7E-BBC6-49A8-A45F-5653BCC9CB79}.Debug|x64.Build.0 = Debug|x64
		{B8924D7E-BBC6-49A8-A45F-5653BCC9CB79}.Debug|x86.ActiveCfg = Debug|Any CPU
		{B8924D7E-BBC6-49A8-A45F-5653BCC9CB79}.Release|Any CPU.ActiveCfg = Release|Any CPU
		{B8924D7E-BBC6-49A8-A45F-5653BCC9CB79}.Release|Any CPU.Build.0 = Release|Any CPU
		{B8924D7E-BBC6-49A8-A45F-5653BCC9CB79}.Release|x64.ActiveCfg = Release|x64
		{B8924D7E-BBC6-49A8-A45F-5653BCC9CB79}.Release|x64.Build.0 = Release|x64
		{B8924D7E-BBC6-49A8-A45F-5653BCC9CB79}.Release|x86.ActiveCfg = Release|Any CPU
		{C6259B2E-5D78-4EBF-9E18-83468A82EDA9}.Debug|Any CPU.ActiveCfg = Debug|Any CPU
		{C6259B2E-5D78-4EBF-9E18-83468A82EDA9}.Debug|Any CPU.Build.0 = Debug|Any CPU
		{C6259B2E-5D78-4EBF-9E18-83468A82EDA9}.Debug|x64.ActiveCfg = Debug|x64
		{C6259B2E-5D78-4EBF-9E18-83468A82EDA9}.Debug|x64.Build.0 = Debug|x64
		{C6259B2E-5D78-4EBF-9E18-83468A82EDA9}.Debug|x86.ActiveCfg = Debug|Any CPU
		{C6259B2E-5D78-4EBF-9E18-83468A82EDA9}.Release|Any CPU.ActiveCfg = Release|Any CPU
		{C6259B2E-5D78-4EBF-9E18-83468A82EDA9}.Release|Any CPU.Build.0 = Release|Any CPU
		{C6259B2E-5D78-4EBF-9E18-83468A82EDA9}.Release|x64.ActiveCfg = Release|x64
		{C6259B2E-5D78-4EBF-9E18-83468A82EDA9}.Release|x64.Build.0 = Release|x64
		{C6259B2E-5D78-4EBF-9E18-83468A82EDA9}.Release|x86.ActiveCfg = Release|Any CPU
		{D75774E0-344D-4EBC-9408-7C0210A63D7D}.Debug|Any CPU.ActiveCfg = Debug|Any CPU
		{D75774E0-344D-4EBC-9408-7C0210A63D7D}.Debug|Any CPU.Build.0 = Debug|Any CPU
		{D75774E0-344D-4EBC-9408-7C0210A63D7D}.Debug|x64.ActiveCfg = Debug|x64
		{D75774E0-344D-4EBC-9408-7C0210A63D7D}.Debug|x64.Build.0 = Debug|x64
		{D75774E0-344D-4EBC-9408-7C0210A63D7D}.Debug|x86.ActiveCfg = Debug|Any CPU
		{D75774E0-344D-4EBC-9408-7C0210A63D7D}.Release|Any CPU.ActiveCfg = Release|Any CPU
		{D75774E0-344D-4EBC-9408-7C0210A63D7D}.Release|Any CPU.Build.0 = Release|Any CPU
		{D75774E0-344D-4EBC-9408-7C0210A63D7D}.Release|x64.ActiveCfg = Release|x64
		{D75774E0-344D-4EBC-9408-7C0210A63D7D}.Release|x64.Build.0 = Release|x64
		{D75774E0-344D-4EBC-9408-7C0210A63D7D}.Release|x86.ActiveCfg = Release|Any CPU
		{0DD2754A-D7B2-4CFE-8B72-CE3C819ACE27}.Debug|Any CPU.ActiveCfg = Debug|Any CPU
		{0DD2754A-D7B2-4CFE-8B72-CE3C819ACE27}.Debug|Any CPU.Build.0 = Debug|Any CPU
		{0DD2754A-D7B2-4CFE-8B72-CE3C819ACE27}.Debug|x64.ActiveCfg = Debug|x64
		{0DD2754A-D7B2-4CFE-8B72-CE3C819ACE27}.Debug|x64.Build.0 = Debug|x64
		{0DD2754A-D7B2-4CFE-8B72-CE3C819ACE27}.Debug|x86.ActiveCfg = Debug|Any CPU
		{0DD2754A-D7B2-4CFE-8B72-CE3C819ACE27}.Release|Any CPU.ActiveCfg = Release|Any CPU
		{0DD2754A-D7B2-4CFE-8B72-CE3C819ACE27}.Release|Any CPU.Build.0 = Release|Any CPU
		{0DD2754A-D7B2-4CFE-8B72-CE3C819ACE27}.Release|x64.ActiveCfg = Release|x64
		{0DD2754A-D7B2-4CFE-8B72-CE3C819ACE27}.Release|x64.Build.0 = Release|x64
		{0DD2754A-D7B2-4CFE-8B72-CE3C819ACE27}.Release|x86.ActiveCfg = Release|Any CPU
		{793F27FC-B5F6-461D-B4C2-7D86539B3558}.Debug|Any CPU.ActiveCfg = Debug|Any CPU
		{793F27FC-B5F6-461D-B4C2-7D86539B3558}.Debug|Any CPU.Build.0 = Debug|Any CPU
		{793F27FC-B5F6-461D-B4C2-7D86539B3558}.Debug|x64.ActiveCfg = Debug|x64
		{793F27FC-B5F6-461D-B4C2-7D86539B3558}.Debug|x64.Build.0 = Debug|x64
		{793F27FC-B5F6-461D-B4C2-7D86539B3558}.Debug|x86.ActiveCfg = Debug|Any CPU
		{793F27FC-B5F6-461D-B4C2-7D86539B3558}.Release|Any CPU.ActiveCfg = Release|Any CPU
		{793F27FC-B5F6-461D-B4C2-7D86539B3558}.Release|Any CPU.Build.0 = Release|Any CPU
		{793F27FC-B5F6-461D-B4C2-7D86539B3558}.Release|x64.ActiveCfg = Release|x64
		{793F27FC-B5F6-461D-B4C2-7D86539B3558}.Release|x64.Build.0 = Release|x64
		{793F27FC-B5F6-461D-B4C2-7D86539B3558}.Release|x86.ActiveCfg = Release|Any CPU
		{613344F2-B078-490D-9904-6CBEB8653B0F}.Debug|Any CPU.ActiveCfg = Debug|Any CPU
		{613344F2-B078-490D-9904-6CBEB8653B0F}.Debug|Any CPU.Build.0 = Debug|Any CPU
		{613344F2-B078-490D-9904-6CBEB8653B0F}.Debug|x64.ActiveCfg = Debug|x64
		{613344F2-B078-490D-9904-6CBEB8653B0F}.Debug|x64.Build.0 = Debug|x64
		{613344F2-B078-490D-9904-6CBEB8653B0F}.Debug|x86.ActiveCfg = Debug|Any CPU
		{613344F2-B078-490D-9904-6CBEB8653B0F}.Release|Any CPU.ActiveCfg = Release|Any CPU
		{613344F2-B078-490D-9904-6CBEB8653B0F}.Release|Any CPU.Build.0 = Release|Any CPU
		{613344F2-B078-490D-9904-6CBEB8653B0F}.Release|x64.ActiveCfg = Release|x64
		{613344F2-B078-490D-9904-6CBEB8653B0F}.Release|x64.Build.0 = Release|x64
		{613344F2-B078-490D-9904-6CBEB8653B0F}.Release|x86.ActiveCfg = Release|Any CPU
		{4950D33D-9C59-440D-A653-B05F169F59A5}.Debug|Any CPU.ActiveCfg = Debug|Any CPU
		{4950D33D-9C59-440D-A653-B05F169F59A5}.Debug|Any CPU.Build.0 = Debug|Any CPU
		{4950D33D-9C59-440D-A653-B05F169F59A5}.Debug|x64.ActiveCfg = Debug|x64
		{4950D33D-9C59-440D-A653-B05F169F59A5}.Debug|x64.Build.0 = Debug|x64
		{4950D33D-9C59-440D-A653-B05F169F59A5}.Debug|x86.ActiveCfg = Debug|Any CPU
		{4950D33D-9C59-440D-A653-B05F169F59A5}.Release|Any CPU.ActiveCfg = Release|Any CPU
		{4950D33D-9C59-440D-A653-B05F169F59A5}.Release|Any CPU.Build.0 = Release|Any CPU
		{4950D33D-9C59-440D-A653-B05F169F59A5}.Release|x64.ActiveCfg = Release|x64
		{4950D33D-9C59-440D-A653-B05F169F59A5}.Release|x64.Build.0 = Release|x64
		{4950D33D-9C59-440D-A653-B05F169F59A5}.Release|x86.ActiveCfg = Release|Any CPU
		{82814192-C44B-49A6-9749-A212D02669B5}.Debug|Any CPU.ActiveCfg = Debug|Any CPU
		{82814192-C44B-49A6-9749-A212D02669B5}.Debug|Any CPU.Build.0 = Debug|Any CPU
		{82814192-C44B-49A6-9749-A212D02669B5}.Debug|x64.ActiveCfg = Debug|x64
		{82814192-C44B-49A6-9749-A212D02669B5}.Debug|x64.Build.0 = Debug|x64
		{82814192-C44B-49A6-9749-A212D02669B5}.Debug|x86.ActiveCfg = Debug|Any CPU
		{82814192-C44B-49A6-9749-A212D02669B5}.Release|Any CPU.ActiveCfg = Release|Any CPU
		{82814192-C44B-49A6-9749-A212D02669B5}.Release|Any CPU.Build.0 = Release|Any CPU
		{82814192-C44B-49A6-9749-A212D02669B5}.Release|x64.ActiveCfg = Release|x64
		{82814192-C44B-49A6-9749-A212D02669B5}.Release|x64.Build.0 = Release|x64
		{82814192-C44B-49A6-9749-A212D02669B5}.Release|x86.ActiveCfg = Release|Any CPU
		{9C2142B0-81F6-4D48-86F2-68B4A90857BC}.Debug|Any CPU.ActiveCfg = Debug|Any CPU
		{9C2142B0-81F6-4D48-86F2-68B4A90857BC}.Debug|Any CPU.Build.0 = Debug|Any CPU
		{9C2142B0-81F6-4D48-86F2-68B4A90857BC}.Debug|x64.ActiveCfg = Debug|x64
		{9C2142B0-81F6-4D48-86F2-68B4A90857BC}.Debug|x64.Build.0 = Debug|x64
		{9C2142B0-81F6-4D48-86F2-68B4A90857BC}.Debug|x86.ActiveCfg = Debug|Any CPU
		{9C2142B0-81F6-4D48-86F2-68B4A90857BC}.Release|Any CPU.ActiveCfg = Release|Any CPU
		{9C2142B0-81F6-4D48-86F2-68B4A90857BC}.Release|Any CPU.Build.0 = Release|Any CPU
		{9C2142B0-81F6-4D48-86F2-68B4A90857BC}.Release|x64.ActiveCfg = Release|x64
		{9C2142B0-81F6-4D48-86F2-68B4A90857BC}.Release|x64.Build.0 = Release|x64
		{9C2142B0-81F6-4D48-86F2-68B4A90857BC}.Release|x86.ActiveCfg = Release|Any CPU
		{A7642E5E-E924-4E8F-965C-887B07627016}.Debug|Any CPU.ActiveCfg = Debug|Any CPU
		{A7642E5E-E924-4E8F-965C-887B07627016}.Debug|Any CPU.Build.0 = Debug|Any CPU
		{A7642E5E-E924-4E8F-965C-887B07627016}.Debug|x64.ActiveCfg = Debug|x64
		{A7642E5E-E924-4E8F-965C-887B07627016}.Debug|x64.Build.0 = Debug|x64
		{A7642E5E-E924-4E8F-965C-887B07627016}.Debug|x86.ActiveCfg = Debug|Any CPU
		{A7642E5E-E924-4E8F-965C-887B07627016}.Release|Any CPU.ActiveCfg = Release|Any CPU
		{A7642E5E-E924-4E8F-965C-887B07627016}.Release|Any CPU.Build.0 = Release|Any CPU
		{A7642E5E-E924-4E8F-965C-887B07627016}.Release|x64.ActiveCfg = Release|x64
		{A7642E5E-E924-4E8F-965C-887B07627016}.Release|x64.Build.0 = Release|x64
		{A7642E5E-E924-4E8F-965C-887B07627016}.Release|x86.ActiveCfg = Release|Any CPU
		{90016ED8-39B5-4B6B-BB58-F210CA433B65}.Debug|Any CPU.ActiveCfg = Debug|Any CPU
		{90016ED8-39B5-4B6B-BB58-F210CA433B65}.Debug|Any CPU.Build.0 = Debug|Any CPU
		{90016ED8-39B5-4B6B-BB58-F210CA433B65}.Debug|x64.ActiveCfg = NUNIT_RELEASE|x64
		{90016ED8-39B5-4B6B-BB58-F210CA433B65}.Debug|x64.Build.0 = Debug|x64
		{90016ED8-39B5-4B6B-BB58-F210CA433B65}.Debug|x86.ActiveCfg = Debug|Any CPU
		{90016ED8-39B5-4B6B-BB58-F210CA433B65}.Release|Any CPU.ActiveCfg = Release|Any CPU
		{90016ED8-39B5-4B6B-BB58-F210CA433B65}.Release|Any CPU.Build.0 = Release|Any CPU
		{90016ED8-39B5-4B6B-BB58-F210CA433B65}.Release|x64.ActiveCfg = Release|x64
		{90016ED8-39B5-4B6B-BB58-F210CA433B65}.Release|x64.Build.0 = Release|x64
		{90016ED8-39B5-4B6B-BB58-F210CA433B65}.Release|x86.ActiveCfg = Release|Any CPU
		{3ED9B836-061B-45D0-AFFC-0331B22C23E6}.Debug|Any CPU.ActiveCfg = Debug|Any CPU
		{3ED9B836-061B-45D0-AFFC-0331B22C23E6}.Debug|Any CPU.Build.0 = Debug|Any CPU
		{3ED9B836-061B-45D0-AFFC-0331B22C23E6}.Debug|x64.ActiveCfg = Debug|x64
		{3ED9B836-061B-45D0-AFFC-0331B22C23E6}.Debug|x64.Build.0 = Debug|x64
		{3ED9B836-061B-45D0-AFFC-0331B22C23E6}.Debug|x86.ActiveCfg = Debug|Any CPU
		{3ED9B836-061B-45D0-AFFC-0331B22C23E6}.Release|Any CPU.ActiveCfg = Release|Any CPU
		{3ED9B836-061B-45D0-AFFC-0331B22C23E6}.Release|Any CPU.Build.0 = Release|Any CPU
		{3ED9B836-061B-45D0-AFFC-0331B22C23E6}.Release|x64.ActiveCfg = Release|x64
		{3ED9B836-061B-45D0-AFFC-0331B22C23E6}.Release|x64.Build.0 = Release|x64
		{3ED9B836-061B-45D0-AFFC-0331B22C23E6}.Release|x86.ActiveCfg = Release|Any CPU
		{99FD9D9B-A131-47E4-8B22-5243385F4DF1}.Debug|Any CPU.ActiveCfg = Debug|Any CPU
		{99FD9D9B-A131-47E4-8B22-5243385F4DF1}.Debug|Any CPU.Build.0 = Debug|Any CPU
		{99FD9D9B-A131-47E4-8B22-5243385F4DF1}.Debug|x64.ActiveCfg = Debug|x64
		{99FD9D9B-A131-47E4-8B22-5243385F4DF1}.Debug|x64.Build.0 = Debug|x64
		{99FD9D9B-A131-47E4-8B22-5243385F4DF1}.Debug|x86.ActiveCfg = Debug|Any CPU
		{99FD9D9B-A131-47E4-8B22-5243385F4DF1}.Release|Any CPU.ActiveCfg = Release|Any CPU
		{99FD9D9B-A131-47E4-8B22-5243385F4DF1}.Release|Any CPU.Build.0 = Release|Any CPU
		{99FD9D9B-A131-47E4-8B22-5243385F4DF1}.Release|x64.ActiveCfg = Release|x64
		{99FD9D9B-A131-47E4-8B22-5243385F4DF1}.Release|x64.Build.0 = Release|x64
		{99FD9D9B-A131-47E4-8B22-5243385F4DF1}.Release|x86.ActiveCfg = Release|Any CPU
		{2861BDB1-2DD0-49C5-A010-758F6DECFD81}.Debug|Any CPU.ActiveCfg = Debug|Any CPU
		{2861BDB1-2DD0-49C5-A010-758F6DECFD81}.Debug|Any CPU.Build.0 = Debug|Any CPU
		{2861BDB1-2DD0-49C5-A010-758F6DECFD81}.Debug|x64.ActiveCfg = Debug|x64
		{2861BDB1-2DD0-49C5-A010-758F6DECFD81}.Debug|x64.Build.0 = Debug|x64
		{2861BDB1-2DD0-49C5-A010-758F6DECFD81}.Debug|x86.ActiveCfg = Debug|Any CPU
		{2861BDB1-2DD0-49C5-A010-758F6DECFD81}.Release|Any CPU.ActiveCfg = Release|Any CPU
		{2861BDB1-2DD0-49C5-A010-758F6DECFD81}.Release|Any CPU.Build.0 = Release|Any CPU
		{2861BDB1-2DD0-49C5-A010-758F6DECFD81}.Release|x64.ActiveCfg = Release|x64
		{2861BDB1-2DD0-49C5-A010-758F6DECFD81}.Release|x64.Build.0 = Release|x64
		{2861BDB1-2DD0-49C5-A010-758F6DECFD81}.Release|x86.ActiveCfg = Release|Any CPU
		{D76372DD-5C14-4659-AC31-814BAEF8C3F4}.Debug|Any CPU.ActiveCfg = Debug|Any CPU
		{D76372DD-5C14-4659-AC31-814BAEF8C3F4}.Debug|Any CPU.Build.0 = Debug|Any CPU
		{D76372DD-5C14-4659-AC31-814BAEF8C3F4}.Debug|x64.ActiveCfg = Debug|x64
		{D76372DD-5C14-4659-AC31-814BAEF8C3F4}.Debug|x64.Build.0 = Debug|x64
		{D76372DD-5C14-4659-AC31-814BAEF8C3F4}.Debug|x86.ActiveCfg = Debug|Any CPU
		{D76372DD-5C14-4659-AC31-814BAEF8C3F4}.Release|Any CPU.ActiveCfg = Release|Any CPU
		{D76372DD-5C14-4659-AC31-814BAEF8C3F4}.Release|Any CPU.Build.0 = Release|Any CPU
		{D76372DD-5C14-4659-AC31-814BAEF8C3F4}.Release|x64.ActiveCfg = Release|x64
		{D76372DD-5C14-4659-AC31-814BAEF8C3F4}.Release|x64.Build.0 = Release|x64
		{D76372DD-5C14-4659-AC31-814BAEF8C3F4}.Release|x86.ActiveCfg = Release|Any CPU
		{D2DD9BF1-ED69-49D2-A761-2CC3274865EF}.Debug|Any CPU.ActiveCfg = Debug|Any CPU
		{D2DD9BF1-ED69-49D2-A761-2CC3274865EF}.Debug|Any CPU.Build.0 = Debug|Any CPU
		{D2DD9BF1-ED69-49D2-A761-2CC3274865EF}.Debug|x64.ActiveCfg = Debug|x64
		{D2DD9BF1-ED69-49D2-A761-2CC3274865EF}.Debug|x64.Build.0 = Debug|x64
		{D2DD9BF1-ED69-49D2-A761-2CC3274865EF}.Debug|x86.ActiveCfg = Debug|Any CPU
		{D2DD9BF1-ED69-49D2-A761-2CC3274865EF}.Release|Any CPU.ActiveCfg = Release|Any CPU
		{D2DD9BF1-ED69-49D2-A761-2CC3274865EF}.Release|Any CPU.Build.0 = Release|Any CPU
		{D2DD9BF1-ED69-49D2-A761-2CC3274865EF}.Release|x64.ActiveCfg = Release|x64
		{D2DD9BF1-ED69-49D2-A761-2CC3274865EF}.Release|x64.Build.0 = Release|x64
		{D2DD9BF1-ED69-49D2-A761-2CC3274865EF}.Release|x86.ActiveCfg = Release|Any CPU
		{102F729C-487A-4EFC-BA1C-82E86A72B698}.Debug|Any CPU.ActiveCfg = Debug|Any CPU
		{102F729C-487A-4EFC-BA1C-82E86A72B698}.Debug|Any CPU.Build.0 = Debug|Any CPU
		{102F729C-487A-4EFC-BA1C-82E86A72B698}.Debug|x64.ActiveCfg = Debug|x64
		{102F729C-487A-4EFC-BA1C-82E86A72B698}.Debug|x64.Build.0 = Debug|x64
		{102F729C-487A-4EFC-BA1C-82E86A72B698}.Debug|x86.ActiveCfg = Debug|Any CPU
		{102F729C-487A-4EFC-BA1C-82E86A72B698}.Release|Any CPU.ActiveCfg = Release|Any CPU
		{102F729C-487A-4EFC-BA1C-82E86A72B698}.Release|Any CPU.Build.0 = Release|Any CPU
		{102F729C-487A-4EFC-BA1C-82E86A72B698}.Release|x64.ActiveCfg = Release|x64
		{102F729C-487A-4EFC-BA1C-82E86A72B698}.Release|x64.Build.0 = Release|x64
		{102F729C-487A-4EFC-BA1C-82E86A72B698}.Release|x86.ActiveCfg = Release|Any CPU
		{883BC56B-2A25-4E24-8B47-3936816F38AD}.Debug|Any CPU.ActiveCfg = Debug|Any CPU
		{883BC56B-2A25-4E24-8B47-3936816F38AD}.Debug|Any CPU.Build.0 = Debug|Any CPU
		{883BC56B-2A25-4E24-8B47-3936816F38AD}.Debug|x64.ActiveCfg = Debug|x64
		{883BC56B-2A25-4E24-8B47-3936816F38AD}.Debug|x64.Build.0 = Debug|x64
		{883BC56B-2A25-4E24-8B47-3936816F38AD}.Debug|x86.ActiveCfg = Debug|Any CPU
		{883BC56B-2A25-4E24-8B47-3936816F38AD}.Release|Any CPU.ActiveCfg = Release|Any CPU
		{883BC56B-2A25-4E24-8B47-3936816F38AD}.Release|Any CPU.Build.0 = Release|Any CPU
		{883BC56B-2A25-4E24-8B47-3936816F38AD}.Release|x64.ActiveCfg = Release|x64
		{883BC56B-2A25-4E24-8B47-3936816F38AD}.Release|x64.Build.0 = Release|x64
		{883BC56B-2A25-4E24-8B47-3936816F38AD}.Release|x86.ActiveCfg = Release|Any CPU
		{C3F40EC5-1B14-4B62-A3B4-99FA5804B3A8}.Debug|Any CPU.ActiveCfg = Debug|Any CPU
		{C3F40EC5-1B14-4B62-A3B4-99FA5804B3A8}.Debug|Any CPU.Build.0 = Debug|Any CPU
		{C3F40EC5-1B14-4B62-A3B4-99FA5804B3A8}.Debug|x64.ActiveCfg = Debug|x64
		{C3F40EC5-1B14-4B62-A3B4-99FA5804B3A8}.Debug|x64.Build.0 = Debug|x64
		{C3F40EC5-1B14-4B62-A3B4-99FA5804B3A8}.Debug|x86.ActiveCfg = Debug|Any CPU
		{C3F40EC5-1B14-4B62-A3B4-99FA5804B3A8}.Release|Any CPU.ActiveCfg = Release|Any CPU
		{C3F40EC5-1B14-4B62-A3B4-99FA5804B3A8}.Release|Any CPU.Build.0 = Release|Any CPU
		{C3F40EC5-1B14-4B62-A3B4-99FA5804B3A8}.Release|x64.ActiveCfg = Release|x64
		{C3F40EC5-1B14-4B62-A3B4-99FA5804B3A8}.Release|x64.Build.0 = Release|x64
		{C3F40EC5-1B14-4B62-A3B4-99FA5804B3A8}.Release|x86.ActiveCfg = Release|Any CPU
		{C1FFDBC9-51C4-4C65-81B1-D1F3F5E8998B}.Debug|Any CPU.ActiveCfg = Debug|Any CPU
		{C1FFDBC9-51C4-4C65-81B1-D1F3F5E8998B}.Debug|Any CPU.Build.0 = Debug|Any CPU
		{C1FFDBC9-51C4-4C65-81B1-D1F3F5E8998B}.Debug|x64.ActiveCfg = Debug|x64
		{C1FFDBC9-51C4-4C65-81B1-D1F3F5E8998B}.Debug|x64.Build.0 = Debug|x64
		{C1FFDBC9-51C4-4C65-81B1-D1F3F5E8998B}.Debug|x86.ActiveCfg = Debug|Any CPU
		{C1FFDBC9-51C4-4C65-81B1-D1F3F5E8998B}.Release|Any CPU.ActiveCfg = Release|Any CPU
		{C1FFDBC9-51C4-4C65-81B1-D1F3F5E8998B}.Release|Any CPU.Build.0 = Release|Any CPU
		{C1FFDBC9-51C4-4C65-81B1-D1F3F5E8998B}.Release|x64.ActiveCfg = Release|x64
		{C1FFDBC9-51C4-4C65-81B1-D1F3F5E8998B}.Release|x64.Build.0 = Release|x64
		{C1FFDBC9-51C4-4C65-81B1-D1F3F5E8998B}.Release|x86.ActiveCfg = Release|Any CPU
		{9DD92AEE-606E-4C3C-B9BF-B2A433B3288B}.Debug|Any CPU.ActiveCfg = Debug|Any CPU
		{9DD92AEE-606E-4C3C-B9BF-B2A433B3288B}.Debug|Any CPU.Build.0 = Debug|Any CPU
		{9DD92AEE-606E-4C3C-B9BF-B2A433B3288B}.Debug|x64.ActiveCfg = Debug|x64
		{9DD92AEE-606E-4C3C-B9BF-B2A433B3288B}.Debug|x64.Build.0 = Debug|x64
		{9DD92AEE-606E-4C3C-B9BF-B2A433B3288B}.Debug|x86.ActiveCfg = Debug|Any CPU
		{9DD92AEE-606E-4C3C-B9BF-B2A433B3288B}.Release|Any CPU.ActiveCfg = Release|Any CPU
		{9DD92AEE-606E-4C3C-B9BF-B2A433B3288B}.Release|Any CPU.Build.0 = Release|Any CPU
		{9DD92AEE-606E-4C3C-B9BF-B2A433B3288B}.Release|x64.ActiveCfg = Release|x64
		{9DD92AEE-606E-4C3C-B9BF-B2A433B3288B}.Release|x64.Build.0 = Release|x64
		{9DD92AEE-606E-4C3C-B9BF-B2A433B3288B}.Release|x86.ActiveCfg = Release|Any CPU
		{AA936BA2-26E7-4A2D-97F8-507FE99D51B1}.Debug|Any CPU.ActiveCfg = Debug|Any CPU
		{AA936BA2-26E7-4A2D-97F8-507FE99D51B1}.Debug|Any CPU.Build.0 = Debug|Any CPU
		{AA936BA2-26E7-4A2D-97F8-507FE99D51B1}.Debug|x64.ActiveCfg = Debug|x64
		{AA936BA2-26E7-4A2D-97F8-507FE99D51B1}.Debug|x64.Build.0 = Debug|x64
		{AA936BA2-26E7-4A2D-97F8-507FE99D51B1}.Debug|x86.ActiveCfg = Debug|Any CPU
		{AA936BA2-26E7-4A2D-97F8-507FE99D51B1}.Release|Any CPU.ActiveCfg = Release|Any CPU
		{AA936BA2-26E7-4A2D-97F8-507FE99D51B1}.Release|Any CPU.Build.0 = Release|Any CPU
		{AA936BA2-26E7-4A2D-97F8-507FE99D51B1}.Release|x64.ActiveCfg = Release|x64
		{AA936BA2-26E7-4A2D-97F8-507FE99D51B1}.Release|x64.Build.0 = Release|x64
		{AA936BA2-26E7-4A2D-97F8-507FE99D51B1}.Release|x86.ActiveCfg = Release|Any CPU
		{5A189F47-67CB-4E79-85C6-5530782128BD}.Debug|Any CPU.ActiveCfg = Debug|Any CPU
		{5A189F47-67CB-4E79-85C6-5530782128BD}.Debug|Any CPU.Build.0 = Debug|Any CPU
		{5A189F47-67CB-4E79-85C6-5530782128BD}.Debug|x64.ActiveCfg = Debug|x64
		{5A189F47-67CB-4E79-85C6-5530782128BD}.Debug|x64.Build.0 = Debug|x64
		{5A189F47-67CB-4E79-85C6-5530782128BD}.Debug|x86.ActiveCfg = Debug|Any CPU
		{5A189F47-67CB-4E79-85C6-5530782128BD}.Release|Any CPU.ActiveCfg = Release|Any CPU
		{5A189F47-67CB-4E79-85C6-5530782128BD}.Release|Any CPU.Build.0 = Release|Any CPU
		{5A189F47-67CB-4E79-85C6-5530782128BD}.Release|x64.ActiveCfg = Release|x64
		{5A189F47-67CB-4E79-85C6-5530782128BD}.Release|x64.Build.0 = Release|x64
		{5A189F47-67CB-4E79-85C6-5530782128BD}.Release|x86.ActiveCfg = Release|Any CPU
		{1B3BD14A-7F9D-405A-B7E5-8BF56964C7A3}.Debug|Any CPU.ActiveCfg = Debug|x64
		{1B3BD14A-7F9D-405A-B7E5-8BF56964C7A3}.Debug|Any CPU.Build.0 = Debug|x64
		{1B3BD14A-7F9D-405A-B7E5-8BF56964C7A3}.Debug|x64.ActiveCfg = Debug|x64
		{1B3BD14A-7F9D-405A-B7E5-8BF56964C7A3}.Debug|x64.Build.0 = Debug|x64
		{1B3BD14A-7F9D-405A-B7E5-8BF56964C7A3}.Debug|x86.ActiveCfg = Debug|Any CPU
		{1B3BD14A-7F9D-405A-B7E5-8BF56964C7A3}.Release|Any CPU.ActiveCfg = Release|x64
		{1B3BD14A-7F9D-405A-B7E5-8BF56964C7A3}.Release|Any CPU.Build.0 = Release|x64
		{1B3BD14A-7F9D-405A-B7E5-8BF56964C7A3}.Release|x64.ActiveCfg = Release|x64
		{1B3BD14A-7F9D-405A-B7E5-8BF56964C7A3}.Release|x64.Build.0 = Release|x64
		{1B3BD14A-7F9D-405A-B7E5-8BF56964C7A3}.Release|x86.ActiveCfg = Release|Any CPU
		{01CB31AF-D833-4CD4-8053-8BC05FF0BE69}.Debug|Any CPU.ActiveCfg = Debug|x64
		{01CB31AF-D833-4CD4-8053-8BC05FF0BE69}.Debug|Any CPU.Build.0 = Debug|x64
		{01CB31AF-D833-4CD4-8053-8BC05FF0BE69}.Debug|x64.ActiveCfg = Debug|x64
		{01CB31AF-D833-4CD4-8053-8BC05FF0BE69}.Debug|x64.Build.0 = Debug|x64
		{01CB31AF-D833-4CD4-8053-8BC05FF0BE69}.Debug|x86.ActiveCfg = Debug|Any CPU
		{01CB31AF-D833-4CD4-8053-8BC05FF0BE69}.Release|Any CPU.ActiveCfg = Release|x64
		{01CB31AF-D833-4CD4-8053-8BC05FF0BE69}.Release|Any CPU.Build.0 = Release|x64
		{01CB31AF-D833-4CD4-8053-8BC05FF0BE69}.Release|x64.ActiveCfg = Release|x64
		{01CB31AF-D833-4CD4-8053-8BC05FF0BE69}.Release|x64.Build.0 = Release|x64
		{01CB31AF-D833-4CD4-8053-8BC05FF0BE69}.Release|x86.ActiveCfg = Release|Any CPU
		{8D554758-7340-4024-B072-F14304382ECC}.Debug|Any CPU.ActiveCfg = Debug|x64
		{8D554758-7340-4024-B072-F14304382ECC}.Debug|Any CPU.Build.0 = Debug|x64
		{8D554758-7340-4024-B072-F14304382ECC}.Debug|x64.ActiveCfg = Debug|x64
		{8D554758-7340-4024-B072-F14304382ECC}.Debug|x64.Build.0 = Debug|x64
		{8D554758-7340-4024-B072-F14304382ECC}.Debug|x86.ActiveCfg = Debug|Any CPU
		{8D554758-7340-4024-B072-F14304382ECC}.Release|Any CPU.ActiveCfg = Release|x64
		{8D554758-7340-4024-B072-F14304382ECC}.Release|Any CPU.Build.0 = Release|x64
		{8D554758-7340-4024-B072-F14304382ECC}.Release|x64.ActiveCfg = Release|x64
		{8D554758-7340-4024-B072-F14304382ECC}.Release|x64.Build.0 = Release|x64
		{8D554758-7340-4024-B072-F14304382ECC}.Release|x86.ActiveCfg = Release|Any CPU
		{E56E3F54-4D76-4BA2-BD62-AB5F8BBBA95F}.Debug|Any CPU.ActiveCfg = Debug|x64
		{E56E3F54-4D76-4BA2-BD62-AB5F8BBBA95F}.Debug|Any CPU.Build.0 = Debug|x64
		{E56E3F54-4D76-4BA2-BD62-AB5F8BBBA95F}.Debug|x64.ActiveCfg = Debug|Any CPU
		{E56E3F54-4D76-4BA2-BD62-AB5F8BBBA95F}.Debug|x86.ActiveCfg = Debug|Any CPU
		{E56E3F54-4D76-4BA2-BD62-AB5F8BBBA95F}.Release|Any CPU.ActiveCfg = Release|x64
		{E56E3F54-4D76-4BA2-BD62-AB5F8BBBA95F}.Release|Any CPU.Build.0 = Release|x64
		{E56E3F54-4D76-4BA2-BD62-AB5F8BBBA95F}.Release|x64.ActiveCfg = Release|Any CPU
		{E56E3F54-4D76-4BA2-BD62-AB5F8BBBA95F}.Release|x86.ActiveCfg = Release|Any CPU
		{2DB595AF-9BA8-4832-B75A-AF81C441535E}.Debug|Any CPU.ActiveCfg = Debug|x64
		{2DB595AF-9BA8-4832-B75A-AF81C441535E}.Debug|Any CPU.Build.0 = Debug|x64
		{2DB595AF-9BA8-4832-B75A-AF81C441535E}.Debug|x64.ActiveCfg = Debug|Any CPU
		{2DB595AF-9BA8-4832-B75A-AF81C441535E}.Debug|x86.ActiveCfg = Debug|Any CPU
		{2DB595AF-9BA8-4832-B75A-AF81C441535E}.Release|Any CPU.ActiveCfg = Release|x64
		{2DB595AF-9BA8-4832-B75A-AF81C441535E}.Release|Any CPU.Build.0 = Release|x64
		{2DB595AF-9BA8-4832-B75A-AF81C441535E}.Release|x64.ActiveCfg = Release|Any CPU
		{2DB595AF-9BA8-4832-B75A-AF81C441535E}.Release|x86.ActiveCfg = Release|Any CPU
		{56447E6C-23BA-44A5-A2CE-94B9B60A3C4F}.Debug|Any CPU.ActiveCfg = Debug|Any CPU
		{56447E6C-23BA-44A5-A2CE-94B9B60A3C4F}.Debug|Any CPU.Build.0 = Debug|Any CPU
		{56447E6C-23BA-44A5-A2CE-94B9B60A3C4F}.Debug|x64.ActiveCfg = Debug|Any CPU
		{56447E6C-23BA-44A5-A2CE-94B9B60A3C4F}.Debug|x86.ActiveCfg = Debug|Any CPU
		{56447E6C-23BA-44A5-A2CE-94B9B60A3C4F}.Release|Any CPU.ActiveCfg = Release|Any CPU
		{56447E6C-23BA-44A5-A2CE-94B9B60A3C4F}.Release|Any CPU.Build.0 = Release|Any CPU
		{56447E6C-23BA-44A5-A2CE-94B9B60A3C4F}.Release|x64.ActiveCfg = Release|Any CPU
		{56447E6C-23BA-44A5-A2CE-94B9B60A3C4F}.Release|x86.ActiveCfg = Release|Any CPU
		{F13F7052-9527-4F60-8857-2FDA3E012F38}.Debug|Any CPU.ActiveCfg = Debug|Any CPU
		{F13F7052-9527-4F60-8857-2FDA3E012F38}.Debug|Any CPU.Build.0 = Debug|Any CPU
		{F13F7052-9527-4F60-8857-2FDA3E012F38}.Debug|x64.ActiveCfg = Debug|Any CPU
		{F13F7052-9527-4F60-8857-2FDA3E012F38}.Debug|x86.ActiveCfg = Debug|Any CPU
		{F13F7052-9527-4F60-8857-2FDA3E012F38}.Release|Any CPU.ActiveCfg = Release|Any CPU
		{F13F7052-9527-4F60-8857-2FDA3E012F38}.Release|Any CPU.Build.0 = Release|Any CPU
		{F13F7052-9527-4F60-8857-2FDA3E012F38}.Release|x64.ActiveCfg = Release|Any CPU
		{F13F7052-9527-4F60-8857-2FDA3E012F38}.Release|x86.ActiveCfg = Release|Any CPU
	EndGlobalSection
	GlobalSection(SolutionProperties) = preSolution
		HideSolutionNode = FALSE
	EndGlobalSection
	GlobalSection(NestedProjects) = preSolution
		{171D812A-5258-4E94-91FD-A67DE0203C98} = {AD740C0B-CC84-4B65-9BA9-F94475C84AA5}
		{3A2DD65A-8521-46A3-874F-E8FA5C2BC763} = {1BE993B4-52AA-47FD-92B0-1F656B1CBA8E}
		{AD740C0B-CC84-4B65-9BA9-F94475C84AA5} = {1BE993B4-52AA-47FD-92B0-1F656B1CBA8E}
		{3A2CADBB-CAE1-424E-86A3-5CDA04372198} = {1BE993B4-52AA-47FD-92B0-1F656B1CBA8E}
		{0A4752AD-591D-4557-B8A1-D84BF6A010CE} = {3A2CADBB-CAE1-424E-86A3-5CDA04372198}
		{4D41059C-0331-4D73-90A5-B2E313E54E12} = {1BE993B4-52AA-47FD-92B0-1F656B1CBA8E}
		{A0D0385E-C989-4AFC-976B-71D9D7F9D8E5} = {1BE993B4-52AA-47FD-92B0-1F656B1CBA8E}
		{15260180-F909-4AC6-A047-31EB60735F0C} = {B876AB04-CCC5-48A3-97FE-F4880E008A94}
		{287B533D-814D-4DCA-87EB-FCF2AF711E07} = {1BE993B4-52AA-47FD-92B0-1F656B1CBA8E}
		{82B4F9CA-E721-4E66-AE73-CE0EB27EDBEC} = {B876AB04-CCC5-48A3-97FE-F4880E008A94}
		{3464842F-9131-4824-9CF2-E3A0075AC95C} = {1BE993B4-52AA-47FD-92B0-1F656B1CBA8E}
		{6FA1B142-AFDD-40D8-B559-D3ED98ABD6F7} = {1BE993B4-52AA-47FD-92B0-1F656B1CBA8E}
		{E8C586F8-D650-49B9-A639-C3894399EC8E} = {1BE993B4-52AA-47FD-92B0-1F656B1CBA8E}
		{845744E0-268E-482B-ADCD-1C334E1F2D37} = {E8C586F8-D650-49B9-A639-C3894399EC8E}
		{AB44D1FD-4A3F-4FC0-842F-0913A08423B8} = {B876AB04-CCC5-48A3-97FE-F4880E008A94}
		{E5C09226-5D9F-41E8-927A-D53D3015DAEC} = {B876AB04-CCC5-48A3-97FE-F4880E008A94}
		{3744E9B6-27AC-47DE-BA7E-06FC102A0DAB} = {1BE993B4-52AA-47FD-92B0-1F656B1CBA8E}
		{35F1A233-FF30-410C-BB74-92E8A0F49266} = {3744E9B6-27AC-47DE-BA7E-06FC102A0DAB}
		{BF8D7BC1-EC01-4665-ADDC-1CE6F0036011} = {B876AB04-CCC5-48A3-97FE-F4880E008A94}
		{5B73A206-279B-4EA6-B9B4-A04FA7B85CCD} = {1BE993B4-52AA-47FD-92B0-1F656B1CBA8E}
		{781769A2-4512-43E8-988D-4182FD942089} = {1BE993B4-52AA-47FD-92B0-1F656B1CBA8E}
		{BE1C9A6B-881F-44C1-8088-6A03A788A709} = {781769A2-4512-43E8-988D-4182FD942089}
		{638F7371-9DA4-4C33-A640-B5AC94363985} = {B876AB04-CCC5-48A3-97FE-F4880E008A94}
		{EA228CE1-0CF8-438D-A03B-483A3DFC3162} = {1BE993B4-52AA-47FD-92B0-1F656B1CBA8E}
		{3FB5BCDE-5E77-4C19-B47E-9E01A1F24D22} = {EA228CE1-0CF8-438D-A03B-483A3DFC3162}
		{5E5CF185-4AC7-4A30-AAA5-5BC13F70410B} = {1BE993B4-52AA-47FD-92B0-1F656B1CBA8E}
		{9339EB11-8C21-41E5-B744-05B445F81DFF} = {5E5CF185-4AC7-4A30-AAA5-5BC13F70410B}
		{817211ED-6771-4C27-A093-3FB21AA493C6} = {5E5CF185-4AC7-4A30-AAA5-5BC13F70410B}
		{BA0531CB-7F0B-4A5D-919D-CA2630F53EDF} = {B876AB04-CCC5-48A3-97FE-F4880E008A94}
		{A27425E2-CF04-4165-BEBC-4CEBEF30364A} = {1BE993B4-52AA-47FD-92B0-1F656B1CBA8E}
		{215CA528-5A93-4D06-9E15-7EBCB70E1233} = {1BE993B4-52AA-47FD-92B0-1F656B1CBA8E}
		{D0FAF9DE-9721-467D-997B-594850505837} = {B876AB04-CCC5-48A3-97FE-F4880E008A94}
		{F9B8250A-DE97-4C3E-87F4-04BF8DC77420} = {1BE993B4-52AA-47FD-92B0-1F656B1CBA8E}
		{10503A0B-576C-4D6A-A7B7-326D4BC2E0DD} = {F9B8250A-DE97-4C3E-87F4-04BF8DC77420}
		{B4570198-387E-4EB2-B64A-CD8DB089FD92} = {B876AB04-CCC5-48A3-97FE-F4880E008A94}
		{EF0A57C7-0EF0-40CB-97E9-BD5D72F83FBF} = {F9B8250A-DE97-4C3E-87F4-04BF8DC77420}
		{19E8E5A5-D161-4179-A1B2-6FD2CF8B1100} = {F9B8250A-DE97-4C3E-87F4-04BF8DC77420}
		{4002E59B-4594-45FA-960C-42A6EE147571} = {F9B8250A-DE97-4C3E-87F4-04BF8DC77420}
		{A50AD19A-60AD-455E-8FA0-0982FDE839E7} = {7990F555-2BA0-4C87-81C2-719F2CD1744B}
		{59CB73D5-2E9C-4B2E-ACAC-FE6B88B1DD8D} = {7990F555-2BA0-4C87-81C2-719F2CD1744B}
		{84040D41-18E8-4AD2-A654-703EA9DE02CB} = {7990F555-2BA0-4C87-81C2-719F2CD1744B}
		{C0010F97-6184-46F4-855D-1DC917272C42} = {7990F555-2BA0-4C87-81C2-719F2CD1744B}
		{2BFB430B-6951-41BD-BE18-9B814EED0EF0} = {7990F555-2BA0-4C87-81C2-719F2CD1744B}
		{BCDA2A30-205A-4A62-A95C-6D6075328B8E} = {7990F555-2BA0-4C87-81C2-719F2CD1744B}
		{7B367D8F-9717-4729-B510-BFB4DAA9C9C7} = {7990F555-2BA0-4C87-81C2-719F2CD1744B}
		{D2E68DA8-50AE-4599-AA7B-FAFE2D08D336} = {7990F555-2BA0-4C87-81C2-719F2CD1744B}
		{B6169349-B5D2-4320-B94F-757B0617081A} = {1BE993B4-52AA-47FD-92B0-1F656B1CBA8E}
		{06264F71-36F3-42E0-80AF-857ED7B2CB86} = {B6169349-B5D2-4320-B94F-757B0617081A}
		{8357122C-90A2-4CAA-98AF-B09E1621D9CC} = {B876AB04-CCC5-48A3-97FE-F4880E008A94}
		{EC64BBAE-AF97-44F8-8C52-EAE63DC72F16} = {4D41059C-0331-4D73-90A5-B2E313E54E12}
		{48CCE81D-FB9F-4857-9F96-542E297ABB77} = {B6169349-B5D2-4320-B94F-757B0617081A}
		{B8924D7E-BBC6-49A8-A45F-5653BCC9CB79} = {B876AB04-CCC5-48A3-97FE-F4880E008A94}
		{C6259B2E-5D78-4EBF-9E18-83468A82EDA9} = {F9B8250A-DE97-4C3E-87F4-04BF8DC77420}
		{D75774E0-344D-4EBC-9408-7C0210A63D7D} = {F9B8250A-DE97-4C3E-87F4-04BF8DC77420}
		{19B0F4CD-A4D1-42A0-B7D8-222E2A5A5702} = {CBE87813-0037-47FE-B283-2BF8CBADE832}
		{0DD2754A-D7B2-4CFE-8B72-CE3C819ACE27} = {CBE87813-0037-47FE-B283-2BF8CBADE832}
		{793F27FC-B5F6-461D-B4C2-7D86539B3558} = {CBE87813-0037-47FE-B283-2BF8CBADE832}
		{613344F2-B078-490D-9904-6CBEB8653B0F} = {B876AB04-CCC5-48A3-97FE-F4880E008A94}
		{4950D33D-9C59-440D-A653-B05F169F59A5} = {7990F555-2BA0-4C87-81C2-719F2CD1744B}
		{82814192-C44B-49A6-9749-A212D02669B5} = {19B0F4CD-A4D1-42A0-B7D8-222E2A5A5702}
		{9C2142B0-81F6-4D48-86F2-68B4A90857BC} = {19B0F4CD-A4D1-42A0-B7D8-222E2A5A5702}
		{A7642E5E-E924-4E8F-965C-887B07627016} = {19B0F4CD-A4D1-42A0-B7D8-222E2A5A5702}
		{90016ED8-39B5-4B6B-BB58-F210CA433B65} = {19B0F4CD-A4D1-42A0-B7D8-222E2A5A5702}
		{3ED9B836-061B-45D0-AFFC-0331B22C23E6} = {19B0F4CD-A4D1-42A0-B7D8-222E2A5A5702}
		{99FD9D9B-A131-47E4-8B22-5243385F4DF1} = {19B0F4CD-A4D1-42A0-B7D8-222E2A5A5702}
		{2861BDB1-2DD0-49C5-A010-758F6DECFD81} = {19B0F4CD-A4D1-42A0-B7D8-222E2A5A5702}
		{D76372DD-5C14-4659-AC31-814BAEF8C3F4} = {19B0F4CD-A4D1-42A0-B7D8-222E2A5A5702}
		{D2DD9BF1-ED69-49D2-A761-2CC3274865EF} = {19B0F4CD-A4D1-42A0-B7D8-222E2A5A5702}
		{FECC63E1-9C75-48A3-9040-BBF7FA482AAD} = {B876AB04-CCC5-48A3-97FE-F4880E008A94}
		{102F729C-487A-4EFC-BA1C-82E86A72B698} = {FECC63E1-9C75-48A3-9040-BBF7FA482AAD}
		{883BC56B-2A25-4E24-8B47-3936816F38AD} = {FECC63E1-9C75-48A3-9040-BBF7FA482AAD}
		{C3F40EC5-1B14-4B62-A3B4-99FA5804B3A8} = {FC053289-B30F-4979-8CF7-34FD47ED6449}
		{C1FFDBC9-51C4-4C65-81B1-D1F3F5E8998B} = {FC053289-B30F-4979-8CF7-34FD47ED6449}
		{9DD92AEE-606E-4C3C-B9BF-B2A433B3288B} = {FC053289-B30F-4979-8CF7-34FD47ED6449}
		{AA936BA2-26E7-4A2D-97F8-507FE99D51B1} = {B876AB04-CCC5-48A3-97FE-F4880E008A94}
		{5A189F47-67CB-4E79-85C6-5530782128BD} = {562BAA01-F3DC-4938-B82E-54AAD7793461}
		{1B3BD14A-7F9D-405A-B7E5-8BF56964C7A3} = {B876AB04-CCC5-48A3-97FE-F4880E008A94}
		{01CB31AF-D833-4CD4-8053-8BC05FF0BE69} = {562BAA01-F3DC-4938-B82E-54AAD7793461}
		{8D554758-7340-4024-B072-F14304382ECC} = {562BAA01-F3DC-4938-B82E-54AAD7793461}
		{E56E3F54-4D76-4BA2-BD62-AB5F8BBBA95F} = {562BAA01-F3DC-4938-B82E-54AAD7793461}
		{2DB595AF-9BA8-4832-B75A-AF81C441535E} = {562BAA01-F3DC-4938-B82E-54AAD7793461}
		{56447E6C-23BA-44A5-A2CE-94B9B60A3C4F} = {B876AB04-CCC5-48A3-97FE-F4880E008A94}
		{F13F7052-9527-4F60-8857-2FDA3E012F38} = {1BE993B4-52AA-47FD-92B0-1F656B1CBA8E}
	EndGlobalSection
EndGlobal
